
Microsoft Visual Studio Solution File, Format Version 12.00
# Visual Studio Version 17
VisualStudioVersion = 17.3.32825.248
MinimumVisualStudioVersion = 10.0.40219.1
Project("{2150E333-8FDC-42A3-9474-1A3956D46DE8}") = "ConsoleApp", "ConsoleApp", "{11256E00-B7DF-4D94-868B-75D1B327D6A0}"
EndProject
Project("{9A19103F-16F7-4668-BE54-9A1E7A4F7556}") = "Calculator.ConsoleApp", "Calculator.ConsoleApp\Calculator.ConsoleApp.csproj", "{6E21F72A-5EDB-4F4A-BB4C-23C2C53DCB1E}"
EndProject
Project("{2150E333-8FDC-42A3-9474-1A3956D46DE8}") = "WebAPI", "WebAPI", "{E13CB618-B06E-41AC-8898-EA85EF7AF93A}"
	ProjectSection(SolutionItems) = preProject
		RefForInterface-API.txt = RefForInterface-API.txt
	EndProjectSection
EndProject
Project("{9A19103F-16F7-4668-BE54-9A1E7A4F7556}") = "ToDoList.API", "ToDoList.API\ToDoList.API.csproj", "{250FDB9D-8426-4474-854B-066F5BD7EB38}"
EndProject
Project("{9A19103F-16F7-4668-BE54-9A1E7A4F7556}") = "ChatGPT.APIClient.ConsoleApp", "ChatGPT.APIClient.ConsoleApp\ChatGPT.APIClient.ConsoleApp.csproj", "{153E02B1-03D0-4792-8891-F0AB4D5020DA}"
EndProject
Project("{9A19103F-16F7-4668-BE54-9A1E7A4F7556}") = "BubbleSort.ConsoleApp", "BubbleSort.ConsoleApp\BubbleSort.ConsoleApp.csproj", "{B5BDB697-7C40-4C27-8617-4729A31B188B}"
EndProject
Project("{9A19103F-16F7-4668-BE54-9A1E7A4F7556}") = "GenericsBasics.ConsoleApp", "GenericsBasics.ConsoleApp\GenericsBasics.ConsoleApp.csproj", "{F3A81DC2-87F5-4340-B023-9AA7BC41DD69}"
EndProject
Project("{9A19103F-16F7-4668-BE54-9A1E7A4F7556}") = "ThermostatEvents.ConsoleApp", "ThermostatEvents.ConsoleApp\ThermostatEvents.ConsoleApp.csproj", "{49D917C2-4368-43F8-BB53-965BF9033A4A}"
EndProject
Project("{9A19103F-16F7-4668-BE54-9A1E7A4F7556}") = "DelegateBasic.ConsoleApp", "DelegateBasic.ConsoleApp\DelegateBasic.ConsoleApp.csproj", "{1AF2D425-C4D5-43EA-9BE2-94233DFA29F6}"
EndProject
Project("{9A19103F-16F7-4668-BE54-9A1E7A4F7556}") = "InheritanceExample.ConsoleApp", "InheritanceExample.ConsoleApp\InheritanceExample.ConsoleApp.csproj", "{2404CF20-B2BE-44F4-844A-1EA55AE9A416}"
EndProject
Project("{9A19103F-16F7-4668-BE54-9A1E7A4F7556}") = "EnumExamples.ConsoleApp", "EnumExamples.ConsoleApp\EnumExamples.ConsoleApp.csproj", "{8ECD9841-DB93-433C-A67D-F6A4BB5C2AE7}"
EndProject
Project("{9A19103F-16F7-4668-BE54-9A1E7A4F7556}") = "StringExamples.ConsoleApp", "StringExamples.ConsoleApp\StringExamples.ConsoleApp.csproj", "{878BF9A3-9A61-4CCD-8FA1-BEF065E67250}"
EndProject
Project("{9A19103F-16F7-4668-BE54-9A1E7A4F7556}") = "ArrayExamples.ConsoleApp", "ArrayExamples.ConsoleApp\ArrayExamples.ConsoleApp.csproj", "{ADD63C5A-CBBA-4433-A098-8912DDC29F17}"
EndProject
Project("{9A19103F-16F7-4668-BE54-9A1E7A4F7556}") = "LoopExamples.ConsoleApp", "LoopExamples.ConsoleApp\LoopExamples.ConsoleApp.csproj", "{85DAD497-B1B8-4604-A978-BDE8972DDE2C}"
EndProject
Project("{9A19103F-16F7-4668-BE54-9A1E7A4F7556}") = "LINQQueries.ConsoleApp", "LINQQueries.ConsoleApp\LINQQueries.ConsoleApp.csproj", "{11A95755-1691-4F5D-B088-D785ACAC82BF}"
EndProject
Project("{9A19103F-16F7-4668-BE54-9A1E7A4F7556}") = "RestSharp.ConsoleApp", "RestSharp.ConsoleApp\RestSharp.ConsoleApp.csproj", "{D9CDAA31-CD00-42D7-B8A3-BD38FE1B7C6F}"
EndProject
Project("{9A19103F-16F7-4668-BE54-9A1E7A4F7556}") = "JwtWeb.API", "JwtWeb.API\JwtWeb.API.csproj", "{DDA864C3-7231-4B19-97C0-D566CD0240EF}"
EndProject
Project("{9A19103F-16F7-4668-BE54-9A1E7A4F7556}") = "JsonCompression.ConsoleApp", "JsonCompression.ConsoleApp\JsonCompression.ConsoleApp.csproj", "{4BFC9155-252D-48A5-AA5D-951C5E8483BE}"
EndProject
Project("{9A19103F-16F7-4668-BE54-9A1E7A4F7556}") = "Docker.ConsoleApp", "Docker.ConsoleApp\Docker.ConsoleApp.csproj", "{5E36ED15-D4D3-4AEC-9A6C-87A55D73D719}"
EndProject
Project("{9A19103F-16F7-4668-BE54-9A1E7A4F7556}") = "KeyGen.ConsoleApp", "KeyGen.ConsoleApp\KeyGen.ConsoleApp.csproj", "{16902586-16F1-45D1-A5F8-20D43FD53FE0}"
EndProject
Project("{9A19103F-16F7-4668-BE54-9A1E7A4F7556}") = "ConsumeWebAPI.ConsoleApp", "ConsumeWebAPI.ConsoleApp\ConsumeWebAPI.ConsoleApp.csproj", "{64493423-4A76-4B05-97A6-BDDCAB023768}"
EndProject
Project("{9A19103F-16F7-4668-BE54-9A1E7A4F7556}") = "MQTT.ConsoleApp", "MQTT.ConsoleApp\MQTT.ConsoleApp.csproj", "{AF50C4FD-126A-4812-8891-671BFFE4976D}"
EndProject
Project("{9A19103F-16F7-4668-BE54-9A1E7A4F7556}") = "HiveMQ.ConsoleApp", "HiveMQ.ConsoleApp\HiveMQ.ConsoleApp.csproj", "{BF8EC814-E2FD-416D-B192-26D8CF5AB403}"
EndProject
Project("{9A19103F-16F7-4668-BE54-9A1E7A4F7556}") = "SimpleMQTTClient4.ConsoleApp", "SimpleMQTTClient4.ConsoleApp\SimpleMQTTClient4.ConsoleApp.csproj", "{CB7C0C56-E0E0-467E-9B8C-8E832A8EE6E2}"
EndProject
Project("{2150E333-8FDC-42A3-9474-1A3956D46DE8}") = "UI", "UI", "{FD24F3B5-0805-44E5-A510-F3748702C2D8}"
	ProjectSection(SolutionItems) = preProject
		RefForInterface-Web.txt = RefForInterface-Web.txt
	EndProjectSection
EndProject
Project("{9A19103F-16F7-4668-BE54-9A1E7A4F7556}") = "JQueryAJAX.WebApp", "JQueryAJAX.WebApp\JQueryAJAX.WebApp.csproj", "{9B942D45-EE66-4988-AC12-5C135BF64FB2}"
EndProject
Project("{9A19103F-16F7-4668-BE54-9A1E7A4F7556}") = "Handfire.API", "Handfire.API\Handfire.API.csproj", "{82D8020F-9DEF-452A-90DA-09882D694F77}"
EndProject
Project("{9A19103F-16F7-4668-BE54-9A1E7A4F7556}") = "Dummie.ConsoleApp", "Dummie.ConsoleApp\Dummie.ConsoleApp.csproj", "{7E6AD939-6A48-4C13-B405-F9D4CE7F3594}"
EndProject
Project("{9A19103F-16F7-4668-BE54-9A1E7A4F7556}") = "SecuringWithKey.API", "SecuringWithKey.API\SecuringWithKey.API.csproj", "{85699E30-707B-4B93-B532-B15A17C459F1}"
EndProject
Project("{9A19103F-16F7-4668-BE54-9A1E7A4F7556}") = "Auth.API", "Auth.API\Auth.API.csproj", "{D402EFD5-5F14-4AF5-87DB-A04DE45BBA28}"
EndProject
Project("{9A19103F-16F7-4668-BE54-9A1E7A4F7556}") = "SecuringWithKey2.API", "SecuringWithKey2.API\SecuringWithKey2.API.csproj", "{CE48E6BB-64CD-4C26-9F08-6BFB8A699709}"
EndProject
Project("{9A19103F-16F7-4668-BE54-9A1E7A4F7556}") = "Encrption.API", "Encrption.API\Encrption.API.csproj", "{76E44766-F1E8-4972-9A10-2A051E2E9382}"
EndProject
Project("{2150E333-8FDC-42A3-9474-1A3956D46DE8}") = "Core", "Core", "{E5FA789E-196F-4734-91F4-0A3F37D40917}"
	ProjectSection(SolutionItems) = preProject
		RefForApplication.txt = RefForApplication.txt
		RefForDomain.txt = RefForDomain.txt
	EndProjectSection
EndProject
Project("{2150E333-8FDC-42A3-9474-1A3956D46DE8}") = "Infrastructure", "Infrastructure", "{2D85F88F-53F6-483E-9C91-A84E053D124B}"
	ProjectSection(SolutionItems) = preProject
		RefForInfrastructure.txt = RefForInfrastructure.txt
		RefForPersistence.txt = RefForPersistence.txt
	EndProjectSection
EndProject
Project("{2150E333-8FDC-42A3-9474-1A3956D46DE8}") = "XYZ", "XYZ", "{94A63818-A3D3-4FE4-9D17-FE36B3809375}"
	ProjectSection(SolutionItems) = preProject
		AuthDbContext.sql = AuthDbContext.sql
		dp_createtables.sql = dp_createtables.sql
		FTPClient.cs = FTPClient.cs
		HangFireSQLScript.sql = HangFireSQLScript.sql
		InternetLink.txt = InternetLink.txt
		linq.txt = linq.txt
		schoolandstudent.sql = schoolandstudent.sql
		sp_DataInDatatable.sql = sp_DataInDatatable.sql
		sp_GetUserRoles.sql = sp_GetUserRoles.sql
		sp_GetUsers.sql = sp_GetUsers.sql
		sq_CreateUser.sql = sq_CreateUser.sql
		tbl_Products.sql = tbl_Products.sql
	EndProjectSection
EndProject
Project("{2150E333-8FDC-42A3-9474-1A3956D46DE8}") = "Test", "Test", "{4E51FF2C-12B5-4B43-B958-D146A9F7EF4E}"
EndProject
Project("{9A19103F-16F7-4668-BE54-9A1E7A4F7556}") = "TestProject.WF", "TestProject.WF\TestProject.WF.csproj", "{EEC9EBCE-DF65-4C21-A1EE-0DBBB424B926}"
EndProject
Project("{9A19103F-16F7-4668-BE54-9A1E7A4F7556}") = "Domain", "Domain\Domain.csproj", "{3CAB0A4C-67E5-4B33-81D1-74DE8A74523D}"
EndProject
Project("{9A19103F-16F7-4668-BE54-9A1E7A4F7556}") = "SpReaders.API", "SpReaders.API\SpReaders.API.csproj", "{B5587D6E-FE15-479C-A560-3EC67B6AC329}"
EndProject
Project("{9A19103F-16F7-4668-BE54-9A1E7A4F7556}") = "HttpClientWeb.API", "HttpClientWeb.API\HttpClientWeb.API.csproj", "{1753A541-6380-4D60-BB46-BEE64950569E}"
EndProject
Project("{9A19103F-16F7-4668-BE54-9A1E7A4F7556}") = "UnitTest.ConsoleApp", "UnitTest.ConsoleApp\UnitTest.ConsoleApp.csproj", "{BEDEBF3C-059F-4DAB-8D34-CC285ED82818}"
EndProject
Project("{9A19103F-16F7-4668-BE54-9A1E7A4F7556}") = "DapperCRUD.API", "DapperCRUD.API\DapperCRUD.API.csproj", "{1F6618BA-71EF-4E04-AA31-928B5ED91C29}"
EndProject
Project("{9A19103F-16F7-4668-BE54-9A1E7A4F7556}") = "Abstraction.ConsoleApp", "Abstraction.ConsoleApp\Abstraction.ConsoleApp.csproj", "{3B8EAFCE-105C-4E07-B133-BF562AB9FF7E}"
EndProject
Project("{9A19103F-16F7-4668-BE54-9A1E7A4F7556}") = "Sample.API", "Sample.API\Sample.API.csproj", "{18047248-9236-4A34-8644-0A1100A3B3D4}"
EndProject
Project("{9A19103F-16F7-4668-BE54-9A1E7A4F7556}") = "InvoiceServices.API", "InvoiceServices.API\InvoiceServices.API.csproj", "{DFBD357B-F925-40BD-91BF-82C5D0EB79E5}"
EndProject
Project("{9A19103F-16F7-4668-BE54-9A1E7A4F7556}") = "AsyncAwait.ConsoleApp", "AsyncAwait.ConsoleApp\AsyncAwait.ConsoleApp.csproj", "{97BDD7D3-CBD1-488E-A2F5-58D4FD438BEF}"
EndProject
Project("{2150E333-8FDC-42A3-9474-1A3956D46DE8}") = "Utility", "Utility", "{CFB0A404-0B46-492C-80A7-E1F33E8AB9C2}"
EndProject
Project("{9A19103F-16F7-4668-BE54-9A1E7A4F7556}") = "ShowCase.ConsoleApp", "ShowCase.ConsoleApp\ShowCase.ConsoleApp.csproj", "{FD204769-812E-4B7C-8878-08CE7231530E}"
EndProject
Project("{9A19103F-16F7-4668-BE54-9A1E7A4F7556}") = "UtilityLibraries", "UtilityLibraries\UtilityLibraries.csproj", "{39720D8B-FEFA-4AE1-91B5-AC581AFB910A}"
EndProject
Project("{9A19103F-16F7-4668-BE54-9A1E7A4F7556}") = "TestProject.StringLibrary", "TestProject.StringLibrary\TestProject.StringLibrary.csproj", "{725E277A-8846-4972-99DE-9F0513356DEA}"
EndProject
Project("{9A19103F-16F7-4668-BE54-9A1E7A4F7556}") = "Invoice.Domain", "Invoice.Domain\Invoice.Domain.csproj", "{629771EA-D04D-4903-BDDB-5E8AC577394E}"
EndProject
Project("{9A19103F-16F7-4668-BE54-9A1E7A4F7556}") = "Infrastructure", "Infrastructure\Infrastructure.csproj", "{133244D8-9A52-4A77-AE1D-C3CF49F94115}"
EndProject
Project("{9A19103F-16F7-4668-BE54-9A1E7A4F7556}") = "Persistence", "Persistence\Persistence.csproj", "{9B3B0B9E-1CDA-4647-A216-D3B8119FD929}"
EndProject
Project("{9A19103F-16F7-4668-BE54-9A1E7A4F7556}") = "ToDoList.Domain", "ToDoList.Domain\ToDoList.Domain.csproj", "{D85CDB71-4F54-41A1-8814-49856771B7A4}"
EndProject
Project("{9A19103F-16F7-4668-BE54-9A1E7A4F7556}") = "ToDoList.Application", "ToDoList.Application\ToDoList.Application.csproj", "{1BB92F06-9724-40CA-B928-AED607370993}"
EndProject
Project("{9A19103F-16F7-4668-BE54-9A1E7A4F7556}") = "ToDoList.Infrastructure", "ToDoList.Infrastructure\ToDoList.Infrastructure.csproj", "{380AB617-0A2F-4AC8-92CA-1F153BC5D9BC}"
EndProject
Project("{9A19103F-16F7-4668-BE54-9A1E7A4F7556}") = "ToDoList.Persistence", "ToDoList.Persistence\ToDoList.Persistence.csproj", "{1B6E2F62-D677-43B2-AEE5-5FD3E67F20E6}"
EndProject
Project("{2150E333-8FDC-42A3-9474-1A3956D46DE8}") = "Shared", "Shared", "{3F884F8B-0110-4AF4-83FB-FC3F3B8D4BDF}"
EndProject
Project("{9A19103F-16F7-4668-BE54-9A1E7A4F7556}") = "ToDoList.Shared", "ToDoList.Shared\ToDoList.Shared.csproj", "{9A77CC7D-065A-46A6-A7BF-06EA4EF8D063}"
EndProject
Project("{9A19103F-16F7-4668-BE54-9A1E7A4F7556}") = "Application", "Application\Application.csproj", "{F198D088-6F9B-4645-80CF-05E7171A188B}"
EndProject
Project("{9A19103F-16F7-4668-BE54-9A1E7A4F7556}") = "Invoice.Applicaion", "Invoice.Applicaion\Invoice.Applicaion.csproj", "{D53279C6-7F84-4463-B94A-4A00FDCB603B}"
EndProject
Project("{9A19103F-16F7-4668-BE54-9A1E7A4F7556}") = "DevPrj.API", "DevPrj.API\DevPrj.API.csproj", "{DA9E1603-21E4-48DE-A46E-9CF0783DB607}"
EndProject
Project("{9A19103F-16F7-4668-BE54-9A1E7A4F7556}") = "DatatableServerSide.WebAppRazor", "DatatableServerSide.WebAppRazor\DatatableServerSide.WebAppRazor.csproj", "{B35F41B6-447B-4566-84B8-260E2FEFD808}"
EndProject
Project("{9A19103F-16F7-4668-BE54-9A1E7A4F7556}") = "Persistence.DP", "Persistence.DP\Persistence.DP.csproj", "{BB5A5A4D-728D-4A6C-9D6E-C7DBE61669C0}"
EndProject
Project("{9A19103F-16F7-4668-BE54-9A1E7A4F7556}") = "CQRSMediatR.API", "CQRSMediatR.API\CQRSMediatR.API.csproj", "{E4CD1308-0D06-4E1E-945A-257ADAB5389E}"
EndProject
Project("{9A19103F-16F7-4668-BE54-9A1E7A4F7556}") = "ChatGPT.UnitTest.ConsoleApp", "ChatGPT.UnitTest.ConsoleApp\ChatGPT.UnitTest.ConsoleApp.csproj", "{1F235FF6-C81E-4224-B345-A7D4D3CFA4CC}"
EndProject
Project("{9A19103F-16F7-4668-BE54-9A1E7A4F7556}") = "Excel.ConsoleApp", "Excel.ConsoleApp\Excel.ConsoleApp.csproj", "{03B152C5-DA47-45C6-BEA7-33EC47C019EE}"
EndProject
Project("{9A19103F-16F7-4668-BE54-9A1E7A4F7556}") = "Log4net.ConsoleApp", "Log4net.ConsoleApp\Log4net.ConsoleApp.csproj", "{A4F685DD-80CD-475D-8244-459BA499F479}"
EndProject
Project("{9A19103F-16F7-4668-BE54-9A1E7A4F7556}") = "WeekAndDays.ConsoleApp", "WeekAndDays.ConsoleApp\WeekAndDays.ConsoleApp.csproj", "{A6F2315B-2031-45DF-A4DB-F996538AEBC8}"
EndProject
Project("{9A19103F-16F7-4668-BE54-9A1E7A4F7556}") = "WeekAndDays2.ConsoleApp", "WeekAndDays2.ConsoleApp\WeekAndDays2.ConsoleApp.csproj", "{2FA60374-F464-499E-B5AA-8ED35CD4B098}"
EndProject
Project("{9A19103F-16F7-4668-BE54-9A1E7A4F7556}") = "Dapper.ConsoleApp", "Dapper.ConsoleApp\Dapper.ConsoleApp.csproj", "{79801531-A501-45F1-B7AA-C0F7D5B8861F}"
EndProject
Project("{9A19103F-16F7-4668-BE54-9A1E7A4F7556}") = "Log4Net.LogUtility", "Log4Net.LogUtility\Log4Net.LogUtility.csproj", "{58EC60E2-0E88-48F5-8128-7B06FFAA38CF}"
EndProject
Project("{9A19103F-16F7-4668-BE54-9A1E7A4F7556}") = "FtpClient.WinSCPUtility", "FtpClient.WinSCPUtility\FtpClient.WinSCPUtility.csproj", "{71BC0B74-8198-41C7-8D59-73E3F011E858}"
EndProject
Project("{9A19103F-16F7-4668-BE54-9A1E7A4F7556}") = "QRCodeGenerate.ConsoleApp", "QRCodeGenerate.ConsoleApp\QRCodeGenerate.ConsoleApp.csproj", "{6D9A7F1B-B534-45D1-80DB-7F2141AF21E7}"
EndProject
Project("{FAE04EC0-301F-11D3-BF4B-00C04F79EFBC}") = "FluentEmailImp.WebApp", "FluentEmailImp.WebApp\FluentEmailImp.WebApp.csproj", "{7DC98D0B-72EE-445D-A95C-EBA5A323770E}"
EndProject
Global
	GlobalSection(SolutionConfigurationPlatforms) = preSolution
		Debug|Any CPU = Debug|Any CPU
		Release|Any CPU = Release|Any CPU
	EndGlobalSection
	GlobalSection(ProjectConfigurationPlatforms) = postSolution
		{6E21F72A-5EDB-4F4A-BB4C-23C2C53DCB1E}.Debug|Any CPU.ActiveCfg = Debug|Any CPU
		{6E21F72A-5EDB-4F4A-BB4C-23C2C53DCB1E}.Debug|Any CPU.Build.0 = Debug|Any CPU
		{6E21F72A-5EDB-4F4A-BB4C-23C2C53DCB1E}.Release|Any CPU.ActiveCfg = Release|Any CPU
		{6E21F72A-5EDB-4F4A-BB4C-23C2C53DCB1E}.Release|Any CPU.Build.0 = Release|Any CPU
		{250FDB9D-8426-4474-854B-066F5BD7EB38}.Debug|Any CPU.ActiveCfg = Debug|Any CPU
		{250FDB9D-8426-4474-854B-066F5BD7EB38}.Debug|Any CPU.Build.0 = Debug|Any CPU
		{250FDB9D-8426-4474-854B-066F5BD7EB38}.Release|Any CPU.ActiveCfg = Release|Any CPU
		{250FDB9D-8426-4474-854B-066F5BD7EB38}.Release|Any CPU.Build.0 = Release|Any CPU
		{153E02B1-03D0-4792-8891-F0AB4D5020DA}.Debug|Any CPU.ActiveCfg = Debug|Any CPU
		{153E02B1-03D0-4792-8891-F0AB4D5020DA}.Debug|Any CPU.Build.0 = Debug|Any CPU
		{153E02B1-03D0-4792-8891-F0AB4D5020DA}.Release|Any CPU.ActiveCfg = Release|Any CPU
		{153E02B1-03D0-4792-8891-F0AB4D5020DA}.Release|Any CPU.Build.0 = Release|Any CPU
		{B5BDB697-7C40-4C27-8617-4729A31B188B}.Debug|Any CPU.ActiveCfg = Debug|Any CPU
		{B5BDB697-7C40-4C27-8617-4729A31B188B}.Debug|Any CPU.Build.0 = Debug|Any CPU
		{B5BDB697-7C40-4C27-8617-4729A31B188B}.Release|Any CPU.ActiveCfg = Release|Any CPU
		{B5BDB697-7C40-4C27-8617-4729A31B188B}.Release|Any CPU.Build.0 = Release|Any CPU
		{F3A81DC2-87F5-4340-B023-9AA7BC41DD69}.Debug|Any CPU.ActiveCfg = Debug|Any CPU
		{F3A81DC2-87F5-4340-B023-9AA7BC41DD69}.Debug|Any CPU.Build.0 = Debug|Any CPU
		{F3A81DC2-87F5-4340-B023-9AA7BC41DD69}.Release|Any CPU.ActiveCfg = Release|Any CPU
		{F3A81DC2-87F5-4340-B023-9AA7BC41DD69}.Release|Any CPU.Build.0 = Release|Any CPU
		{49D917C2-4368-43F8-BB53-965BF9033A4A}.Debug|Any CPU.ActiveCfg = Debug|Any CPU
		{49D917C2-4368-43F8-BB53-965BF9033A4A}.Debug|Any CPU.Build.0 = Debug|Any CPU
		{49D917C2-4368-43F8-BB53-965BF9033A4A}.Release|Any CPU.ActiveCfg = Release|Any CPU
		{49D917C2-4368-43F8-BB53-965BF9033A4A}.Release|Any CPU.Build.0 = Release|Any CPU
		{1AF2D425-C4D5-43EA-9BE2-94233DFA29F6}.Debug|Any CPU.ActiveCfg = Debug|Any CPU
		{1AF2D425-C4D5-43EA-9BE2-94233DFA29F6}.Debug|Any CPU.Build.0 = Debug|Any CPU
		{1AF2D425-C4D5-43EA-9BE2-94233DFA29F6}.Release|Any CPU.ActiveCfg = Release|Any CPU
		{1AF2D425-C4D5-43EA-9BE2-94233DFA29F6}.Release|Any CPU.Build.0 = Release|Any CPU
		{2404CF20-B2BE-44F4-844A-1EA55AE9A416}.Debug|Any CPU.ActiveCfg = Debug|Any CPU
		{2404CF20-B2BE-44F4-844A-1EA55AE9A416}.Debug|Any CPU.Build.0 = Debug|Any CPU
		{2404CF20-B2BE-44F4-844A-1EA55AE9A416}.Release|Any CPU.ActiveCfg = Release|Any CPU
		{2404CF20-B2BE-44F4-844A-1EA55AE9A416}.Release|Any CPU.Build.0 = Release|Any CPU
		{8ECD9841-DB93-433C-A67D-F6A4BB5C2AE7}.Debug|Any CPU.ActiveCfg = Debug|Any CPU
		{8ECD9841-DB93-433C-A67D-F6A4BB5C2AE7}.Debug|Any CPU.Build.0 = Debug|Any CPU
		{8ECD9841-DB93-433C-A67D-F6A4BB5C2AE7}.Release|Any CPU.ActiveCfg = Release|Any CPU
		{8ECD9841-DB93-433C-A67D-F6A4BB5C2AE7}.Release|Any CPU.Build.0 = Release|Any CPU
		{878BF9A3-9A61-4CCD-8FA1-BEF065E67250}.Debug|Any CPU.ActiveCfg = Debug|Any CPU
		{878BF9A3-9A61-4CCD-8FA1-BEF065E67250}.Debug|Any CPU.Build.0 = Debug|Any CPU
		{878BF9A3-9A61-4CCD-8FA1-BEF065E67250}.Release|Any CPU.ActiveCfg = Release|Any CPU
		{878BF9A3-9A61-4CCD-8FA1-BEF065E67250}.Release|Any CPU.Build.0 = Release|Any CPU
		{ADD63C5A-CBBA-4433-A098-8912DDC29F17}.Debug|Any CPU.ActiveCfg = Debug|Any CPU
		{ADD63C5A-CBBA-4433-A098-8912DDC29F17}.Debug|Any CPU.Build.0 = Debug|Any CPU
		{ADD63C5A-CBBA-4433-A098-8912DDC29F17}.Release|Any CPU.ActiveCfg = Release|Any CPU
		{ADD63C5A-CBBA-4433-A098-8912DDC29F17}.Release|Any CPU.Build.0 = Release|Any CPU
		{85DAD497-B1B8-4604-A978-BDE8972DDE2C}.Debug|Any CPU.ActiveCfg = Debug|Any CPU
		{85DAD497-B1B8-4604-A978-BDE8972DDE2C}.Debug|Any CPU.Build.0 = Debug|Any CPU
		{85DAD497-B1B8-4604-A978-BDE8972DDE2C}.Release|Any CPU.ActiveCfg = Release|Any CPU
		{85DAD497-B1B8-4604-A978-BDE8972DDE2C}.Release|Any CPU.Build.0 = Release|Any CPU
		{11A95755-1691-4F5D-B088-D785ACAC82BF}.Debug|Any CPU.ActiveCfg = Debug|Any CPU
		{11A95755-1691-4F5D-B088-D785ACAC82BF}.Debug|Any CPU.Build.0 = Debug|Any CPU
		{11A95755-1691-4F5D-B088-D785ACAC82BF}.Release|Any CPU.ActiveCfg = Release|Any CPU
		{11A95755-1691-4F5D-B088-D785ACAC82BF}.Release|Any CPU.Build.0 = Release|Any CPU
		{D9CDAA31-CD00-42D7-B8A3-BD38FE1B7C6F}.Debug|Any CPU.ActiveCfg = Debug|Any CPU
		{D9CDAA31-CD00-42D7-B8A3-BD38FE1B7C6F}.Debug|Any CPU.Build.0 = Debug|Any CPU
		{D9CDAA31-CD00-42D7-B8A3-BD38FE1B7C6F}.Release|Any CPU.ActiveCfg = Release|Any CPU
		{D9CDAA31-CD00-42D7-B8A3-BD38FE1B7C6F}.Release|Any CPU.Build.0 = Release|Any CPU
		{DDA864C3-7231-4B19-97C0-D566CD0240EF}.Debug|Any CPU.ActiveCfg = Debug|Any CPU
		{DDA864C3-7231-4B19-97C0-D566CD0240EF}.Debug|Any CPU.Build.0 = Debug|Any CPU
		{DDA864C3-7231-4B19-97C0-D566CD0240EF}.Release|Any CPU.ActiveCfg = Release|Any CPU
		{DDA864C3-7231-4B19-97C0-D566CD0240EF}.Release|Any CPU.Build.0 = Release|Any CPU
		{4BFC9155-252D-48A5-AA5D-951C5E8483BE}.Debug|Any CPU.ActiveCfg = Debug|Any CPU
		{4BFC9155-252D-48A5-AA5D-951C5E8483BE}.Debug|Any CPU.Build.0 = Debug|Any CPU
		{4BFC9155-252D-48A5-AA5D-951C5E8483BE}.Release|Any CPU.ActiveCfg = Release|Any CPU
		{4BFC9155-252D-48A5-AA5D-951C5E8483BE}.Release|Any CPU.Build.0 = Release|Any CPU
		{5E36ED15-D4D3-4AEC-9A6C-87A55D73D719}.Debug|Any CPU.ActiveCfg = Debug|Any CPU
		{5E36ED15-D4D3-4AEC-9A6C-87A55D73D719}.Debug|Any CPU.Build.0 = Debug|Any CPU
		{5E36ED15-D4D3-4AEC-9A6C-87A55D73D719}.Release|Any CPU.ActiveCfg = Release|Any CPU
		{5E36ED15-D4D3-4AEC-9A6C-87A55D73D719}.Release|Any CPU.Build.0 = Release|Any CPU
		{16902586-16F1-45D1-A5F8-20D43FD53FE0}.Debug|Any CPU.ActiveCfg = Debug|Any CPU
		{16902586-16F1-45D1-A5F8-20D43FD53FE0}.Debug|Any CPU.Build.0 = Debug|Any CPU
		{16902586-16F1-45D1-A5F8-20D43FD53FE0}.Release|Any CPU.ActiveCfg = Release|Any CPU
		{16902586-16F1-45D1-A5F8-20D43FD53FE0}.Release|Any CPU.Build.0 = Release|Any CPU
		{64493423-4A76-4B05-97A6-BDDCAB023768}.Debug|Any CPU.ActiveCfg = Debug|Any CPU
		{64493423-4A76-4B05-97A6-BDDCAB023768}.Debug|Any CPU.Build.0 = Debug|Any CPU
		{64493423-4A76-4B05-97A6-BDDCAB023768}.Release|Any CPU.ActiveCfg = Release|Any CPU
		{64493423-4A76-4B05-97A6-BDDCAB023768}.Release|Any CPU.Build.0 = Release|Any CPU
		{AF50C4FD-126A-4812-8891-671BFFE4976D}.Debug|Any CPU.ActiveCfg = Debug|Any CPU
		{AF50C4FD-126A-4812-8891-671BFFE4976D}.Debug|Any CPU.Build.0 = Debug|Any CPU
		{AF50C4FD-126A-4812-8891-671BFFE4976D}.Release|Any CPU.ActiveCfg = Release|Any CPU
		{AF50C4FD-126A-4812-8891-671BFFE4976D}.Release|Any CPU.Build.0 = Release|Any CPU
		{BF8EC814-E2FD-416D-B192-26D8CF5AB403}.Debug|Any CPU.ActiveCfg = Debug|Any CPU
		{BF8EC814-E2FD-416D-B192-26D8CF5AB403}.Debug|Any CPU.Build.0 = Debug|Any CPU
		{BF8EC814-E2FD-416D-B192-26D8CF5AB403}.Release|Any CPU.ActiveCfg = Release|Any CPU
		{BF8EC814-E2FD-416D-B192-26D8CF5AB403}.Release|Any CPU.Build.0 = Release|Any CPU
		{CB7C0C56-E0E0-467E-9B8C-8E832A8EE6E2}.Debug|Any CPU.ActiveCfg = Debug|Any CPU
		{CB7C0C56-E0E0-467E-9B8C-8E832A8EE6E2}.Debug|Any CPU.Build.0 = Debug|Any CPU
		{CB7C0C56-E0E0-467E-9B8C-8E832A8EE6E2}.Release|Any CPU.ActiveCfg = Release|Any CPU
		{CB7C0C56-E0E0-467E-9B8C-8E832A8EE6E2}.Release|Any CPU.Build.0 = Release|Any CPU
		{9B942D45-EE66-4988-AC12-5C135BF64FB2}.Debug|Any CPU.ActiveCfg = Debug|Any CPU
		{9B942D45-EE66-4988-AC12-5C135BF64FB2}.Debug|Any CPU.Build.0 = Debug|Any CPU
		{9B942D45-EE66-4988-AC12-5C135BF64FB2}.Release|Any CPU.ActiveCfg = Release|Any CPU
		{9B942D45-EE66-4988-AC12-5C135BF64FB2}.Release|Any CPU.Build.0 = Release|Any CPU
		{82D8020F-9DEF-452A-90DA-09882D694F77}.Debug|Any CPU.ActiveCfg = Debug|Any CPU
		{82D8020F-9DEF-452A-90DA-09882D694F77}.Debug|Any CPU.Build.0 = Debug|Any CPU
		{82D8020F-9DEF-452A-90DA-09882D694F77}.Release|Any CPU.ActiveCfg = Release|Any CPU
		{82D8020F-9DEF-452A-90DA-09882D694F77}.Release|Any CPU.Build.0 = Release|Any CPU
		{7E6AD939-6A48-4C13-B405-F9D4CE7F3594}.Debug|Any CPU.ActiveCfg = Debug|Any CPU
		{7E6AD939-6A48-4C13-B405-F9D4CE7F3594}.Debug|Any CPU.Build.0 = Debug|Any CPU
		{7E6AD939-6A48-4C13-B405-F9D4CE7F3594}.Release|Any CPU.ActiveCfg = Release|Any CPU
		{7E6AD939-6A48-4C13-B405-F9D4CE7F3594}.Release|Any CPU.Build.0 = Release|Any CPU
		{85699E30-707B-4B93-B532-B15A17C459F1}.Debug|Any CPU.ActiveCfg = Debug|Any CPU
		{85699E30-707B-4B93-B532-B15A17C459F1}.Debug|Any CPU.Build.0 = Debug|Any CPU
		{85699E30-707B-4B93-B532-B15A17C459F1}.Release|Any CPU.ActiveCfg = Release|Any CPU
		{85699E30-707B-4B93-B532-B15A17C459F1}.Release|Any CPU.Build.0 = Release|Any CPU
		{D402EFD5-5F14-4AF5-87DB-A04DE45BBA28}.Debug|Any CPU.ActiveCfg = Debug|Any CPU
		{D402EFD5-5F14-4AF5-87DB-A04DE45BBA28}.Debug|Any CPU.Build.0 = Debug|Any CPU
		{D402EFD5-5F14-4AF5-87DB-A04DE45BBA28}.Release|Any CPU.ActiveCfg = Release|Any CPU
		{D402EFD5-5F14-4AF5-87DB-A04DE45BBA28}.Release|Any CPU.Build.0 = Release|Any CPU
		{CE48E6BB-64CD-4C26-9F08-6BFB8A699709}.Debug|Any CPU.ActiveCfg = Debug|Any CPU
		{CE48E6BB-64CD-4C26-9F08-6BFB8A699709}.Debug|Any CPU.Build.0 = Debug|Any CPU
		{CE48E6BB-64CD-4C26-9F08-6BFB8A699709}.Release|Any CPU.ActiveCfg = Release|Any CPU
		{CE48E6BB-64CD-4C26-9F08-6BFB8A699709}.Release|Any CPU.Build.0 = Release|Any CPU
		{76E44766-F1E8-4972-9A10-2A051E2E9382}.Debug|Any CPU.ActiveCfg = Debug|Any CPU
		{76E44766-F1E8-4972-9A10-2A051E2E9382}.Debug|Any CPU.Build.0 = Debug|Any CPU
		{76E44766-F1E8-4972-9A10-2A051E2E9382}.Release|Any CPU.ActiveCfg = Release|Any CPU
		{76E44766-F1E8-4972-9A10-2A051E2E9382}.Release|Any CPU.Build.0 = Release|Any CPU
		{EEC9EBCE-DF65-4C21-A1EE-0DBBB424B926}.Debug|Any CPU.ActiveCfg = Debug|Any CPU
		{EEC9EBCE-DF65-4C21-A1EE-0DBBB424B926}.Debug|Any CPU.Build.0 = Debug|Any CPU
		{EEC9EBCE-DF65-4C21-A1EE-0DBBB424B926}.Release|Any CPU.ActiveCfg = Release|Any CPU
		{EEC9EBCE-DF65-4C21-A1EE-0DBBB424B926}.Release|Any CPU.Build.0 = Release|Any CPU
		{3CAB0A4C-67E5-4B33-81D1-74DE8A74523D}.Debug|Any CPU.ActiveCfg = Debug|Any CPU
		{3CAB0A4C-67E5-4B33-81D1-74DE8A74523D}.Debug|Any CPU.Build.0 = Debug|Any CPU
		{3CAB0A4C-67E5-4B33-81D1-74DE8A74523D}.Release|Any CPU.ActiveCfg = Release|Any CPU
		{3CAB0A4C-67E5-4B33-81D1-74DE8A74523D}.Release|Any CPU.Build.0 = Release|Any CPU
		{B5587D6E-FE15-479C-A560-3EC67B6AC329}.Debug|Any CPU.ActiveCfg = Debug|Any CPU
		{B5587D6E-FE15-479C-A560-3EC67B6AC329}.Debug|Any CPU.Build.0 = Debug|Any CPU
		{B5587D6E-FE15-479C-A560-3EC67B6AC329}.Release|Any CPU.ActiveCfg = Release|Any CPU
		{B5587D6E-FE15-479C-A560-3EC67B6AC329}.Release|Any CPU.Build.0 = Release|Any CPU
		{1753A541-6380-4D60-BB46-BEE64950569E}.Debug|Any CPU.ActiveCfg = Debug|Any CPU
		{1753A541-6380-4D60-BB46-BEE64950569E}.Debug|Any CPU.Build.0 = Debug|Any CPU
		{1753A541-6380-4D60-BB46-BEE64950569E}.Release|Any CPU.ActiveCfg = Release|Any CPU
		{1753A541-6380-4D60-BB46-BEE64950569E}.Release|Any CPU.Build.0 = Release|Any CPU
		{BEDEBF3C-059F-4DAB-8D34-CC285ED82818}.Debug|Any CPU.ActiveCfg = Debug|Any CPU
		{BEDEBF3C-059F-4DAB-8D34-CC285ED82818}.Debug|Any CPU.Build.0 = Debug|Any CPU
		{BEDEBF3C-059F-4DAB-8D34-CC285ED82818}.Release|Any CPU.ActiveCfg = Release|Any CPU
		{BEDEBF3C-059F-4DAB-8D34-CC285ED82818}.Release|Any CPU.Build.0 = Release|Any CPU
		{1F6618BA-71EF-4E04-AA31-928B5ED91C29}.Debug|Any CPU.ActiveCfg = Debug|Any CPU
		{1F6618BA-71EF-4E04-AA31-928B5ED91C29}.Debug|Any CPU.Build.0 = Debug|Any CPU
		{1F6618BA-71EF-4E04-AA31-928B5ED91C29}.Release|Any CPU.ActiveCfg = Release|Any CPU
		{1F6618BA-71EF-4E04-AA31-928B5ED91C29}.Release|Any CPU.Build.0 = Release|Any CPU
		{3B8EAFCE-105C-4E07-B133-BF562AB9FF7E}.Debug|Any CPU.ActiveCfg = Debug|Any CPU
		{3B8EAFCE-105C-4E07-B133-BF562AB9FF7E}.Debug|Any CPU.Build.0 = Debug|Any CPU
		{3B8EAFCE-105C-4E07-B133-BF562AB9FF7E}.Release|Any CPU.ActiveCfg = Release|Any CPU
		{3B8EAFCE-105C-4E07-B133-BF562AB9FF7E}.Release|Any CPU.Build.0 = Release|Any CPU
		{18047248-9236-4A34-8644-0A1100A3B3D4}.Debug|Any CPU.ActiveCfg = Debug|Any CPU
		{18047248-9236-4A34-8644-0A1100A3B3D4}.Debug|Any CPU.Build.0 = Debug|Any CPU
		{18047248-9236-4A34-8644-0A1100A3B3D4}.Release|Any CPU.ActiveCfg = Release|Any CPU
		{18047248-9236-4A34-8644-0A1100A3B3D4}.Release|Any CPU.Build.0 = Release|Any CPU
		{DFBD357B-F925-40BD-91BF-82C5D0EB79E5}.Debug|Any CPU.ActiveCfg = Debug|Any CPU
		{DFBD357B-F925-40BD-91BF-82C5D0EB79E5}.Debug|Any CPU.Build.0 = Debug|Any CPU
		{DFBD357B-F925-40BD-91BF-82C5D0EB79E5}.Release|Any CPU.ActiveCfg = Release|Any CPU
		{DFBD357B-F925-40BD-91BF-82C5D0EB79E5}.Release|Any CPU.Build.0 = Release|Any CPU
		{97BDD7D3-CBD1-488E-A2F5-58D4FD438BEF}.Debug|Any CPU.ActiveCfg = Debug|Any CPU
		{97BDD7D3-CBD1-488E-A2F5-58D4FD438BEF}.Debug|Any CPU.Build.0 = Debug|Any CPU
		{97BDD7D3-CBD1-488E-A2F5-58D4FD438BEF}.Release|Any CPU.ActiveCfg = Release|Any CPU
		{97BDD7D3-CBD1-488E-A2F5-58D4FD438BEF}.Release|Any CPU.Build.0 = Release|Any CPU
		{FD204769-812E-4B7C-8878-08CE7231530E}.Debug|Any CPU.ActiveCfg = Debug|Any CPU
		{FD204769-812E-4B7C-8878-08CE7231530E}.Debug|Any CPU.Build.0 = Debug|Any CPU
		{FD204769-812E-4B7C-8878-08CE7231530E}.Release|Any CPU.ActiveCfg = Release|Any CPU
		{FD204769-812E-4B7C-8878-08CE7231530E}.Release|Any CPU.Build.0 = Release|Any CPU
		{39720D8B-FEFA-4AE1-91B5-AC581AFB910A}.Debug|Any CPU.ActiveCfg = Debug|Any CPU
		{39720D8B-FEFA-4AE1-91B5-AC581AFB910A}.Debug|Any CPU.Build.0 = Debug|Any CPU
		{39720D8B-FEFA-4AE1-91B5-AC581AFB910A}.Release|Any CPU.ActiveCfg = Release|Any CPU
		{39720D8B-FEFA-4AE1-91B5-AC581AFB910A}.Release|Any CPU.Build.0 = Release|Any CPU
		{725E277A-8846-4972-99DE-9F0513356DEA}.Debug|Any CPU.ActiveCfg = Debug|Any CPU
		{725E277A-8846-4972-99DE-9F0513356DEA}.Debug|Any CPU.Build.0 = Debug|Any CPU
		{725E277A-8846-4972-99DE-9F0513356DEA}.Release|Any CPU.ActiveCfg = Release|Any CPU
		{725E277A-8846-4972-99DE-9F0513356DEA}.Release|Any CPU.Build.0 = Release|Any CPU
		{629771EA-D04D-4903-BDDB-5E8AC577394E}.Debug|Any CPU.ActiveCfg = Debug|Any CPU
		{629771EA-D04D-4903-BDDB-5E8AC577394E}.Debug|Any CPU.Build.0 = Debug|Any CPU
		{629771EA-D04D-4903-BDDB-5E8AC577394E}.Release|Any CPU.ActiveCfg = Release|Any CPU
		{629771EA-D04D-4903-BDDB-5E8AC577394E}.Release|Any CPU.Build.0 = Release|Any CPU
		{133244D8-9A52-4A77-AE1D-C3CF49F94115}.Debug|Any CPU.ActiveCfg = Debug|Any CPU
		{133244D8-9A52-4A77-AE1D-C3CF49F94115}.Debug|Any CPU.Build.0 = Debug|Any CPU
		{133244D8-9A52-4A77-AE1D-C3CF49F94115}.Release|Any CPU.ActiveCfg = Release|Any CPU
		{133244D8-9A52-4A77-AE1D-C3CF49F94115}.Release|Any CPU.Build.0 = Release|Any CPU
		{9B3B0B9E-1CDA-4647-A216-D3B8119FD929}.Debug|Any CPU.ActiveCfg = Debug|Any CPU
		{9B3B0B9E-1CDA-4647-A216-D3B8119FD929}.Debug|Any CPU.Build.0 = Debug|Any CPU
		{9B3B0B9E-1CDA-4647-A216-D3B8119FD929}.Release|Any CPU.ActiveCfg = Release|Any CPU
		{9B3B0B9E-1CDA-4647-A216-D3B8119FD929}.Release|Any CPU.Build.0 = Release|Any CPU
		{D85CDB71-4F54-41A1-8814-49856771B7A4}.Debug|Any CPU.ActiveCfg = Debug|Any CPU
		{D85CDB71-4F54-41A1-8814-49856771B7A4}.Debug|Any CPU.Build.0 = Debug|Any CPU
		{D85CDB71-4F54-41A1-8814-49856771B7A4}.Release|Any CPU.ActiveCfg = Release|Any CPU
		{D85CDB71-4F54-41A1-8814-49856771B7A4}.Release|Any CPU.Build.0 = Release|Any CPU
		{1BB92F06-9724-40CA-B928-AED607370993}.Debug|Any CPU.ActiveCfg = Debug|Any CPU
		{1BB92F06-9724-40CA-B928-AED607370993}.Debug|Any CPU.Build.0 = Debug|Any CPU
		{1BB92F06-9724-40CA-B928-AED607370993}.Release|Any CPU.ActiveCfg = Release|Any CPU
		{1BB92F06-9724-40CA-B928-AED607370993}.Release|Any CPU.Build.0 = Release|Any CPU
		{380AB617-0A2F-4AC8-92CA-1F153BC5D9BC}.Debug|Any CPU.ActiveCfg = Debug|Any CPU
		{380AB617-0A2F-4AC8-92CA-1F153BC5D9BC}.Debug|Any CPU.Build.0 = Debug|Any CPU
		{380AB617-0A2F-4AC8-92CA-1F153BC5D9BC}.Release|Any CPU.ActiveCfg = Release|Any CPU
		{380AB617-0A2F-4AC8-92CA-1F153BC5D9BC}.Release|Any CPU.Build.0 = Release|Any CPU
		{1B6E2F62-D677-43B2-AEE5-5FD3E67F20E6}.Debug|Any CPU.ActiveCfg = Debug|Any CPU
		{1B6E2F62-D677-43B2-AEE5-5FD3E67F20E6}.Debug|Any CPU.Build.0 = Debug|Any CPU
		{1B6E2F62-D677-43B2-AEE5-5FD3E67F20E6}.Release|Any CPU.ActiveCfg = Release|Any CPU
		{1B6E2F62-D677-43B2-AEE5-5FD3E67F20E6}.Release|Any CPU.Build.0 = Release|Any CPU
		{9A77CC7D-065A-46A6-A7BF-06EA4EF8D063}.Debug|Any CPU.ActiveCfg = Debug|Any CPU
		{9A77CC7D-065A-46A6-A7BF-06EA4EF8D063}.Debug|Any CPU.Build.0 = Debug|Any CPU
		{9A77CC7D-065A-46A6-A7BF-06EA4EF8D063}.Release|Any CPU.ActiveCfg = Release|Any CPU
		{9A77CC7D-065A-46A6-A7BF-06EA4EF8D063}.Release|Any CPU.Build.0 = Release|Any CPU
		{F198D088-6F9B-4645-80CF-05E7171A188B}.Debug|Any CPU.ActiveCfg = Debug|Any CPU
		{F198D088-6F9B-4645-80CF-05E7171A188B}.Debug|Any CPU.Build.0 = Debug|Any CPU
		{F198D088-6F9B-4645-80CF-05E7171A188B}.Release|Any CPU.ActiveCfg = Release|Any CPU
		{F198D088-6F9B-4645-80CF-05E7171A188B}.Release|Any CPU.Build.0 = Release|Any CPU
		{D53279C6-7F84-4463-B94A-4A00FDCB603B}.Debug|Any CPU.ActiveCfg = Debug|Any CPU
		{D53279C6-7F84-4463-B94A-4A00FDCB603B}.Debug|Any CPU.Build.0 = Debug|Any CPU
		{D53279C6-7F84-4463-B94A-4A00FDCB603B}.Release|Any CPU.ActiveCfg = Release|Any CPU
		{D53279C6-7F84-4463-B94A-4A00FDCB603B}.Release|Any CPU.Build.0 = Release|Any CPU
		{DA9E1603-21E4-48DE-A46E-9CF0783DB607}.Debug|Any CPU.ActiveCfg = Debug|Any CPU
		{DA9E1603-21E4-48DE-A46E-9CF0783DB607}.Debug|Any CPU.Build.0 = Debug|Any CPU
		{DA9E1603-21E4-48DE-A46E-9CF0783DB607}.Release|Any CPU.ActiveCfg = Release|Any CPU
		{DA9E1603-21E4-48DE-A46E-9CF0783DB607}.Release|Any CPU.Build.0 = Release|Any CPU
		{B35F41B6-447B-4566-84B8-260E2FEFD808}.Debug|Any CPU.ActiveCfg = Debug|Any CPU
		{B35F41B6-447B-4566-84B8-260E2FEFD808}.Debug|Any CPU.Build.0 = Debug|Any CPU
		{B35F41B6-447B-4566-84B8-260E2FEFD808}.Release|Any CPU.ActiveCfg = Release|Any CPU
		{B35F41B6-447B-4566-84B8-260E2FEFD808}.Release|Any CPU.Build.0 = Release|Any CPU
		{BB5A5A4D-728D-4A6C-9D6E-C7DBE61669C0}.Debug|Any CPU.ActiveCfg = Debug|Any CPU
		{BB5A5A4D-728D-4A6C-9D6E-C7DBE61669C0}.Debug|Any CPU.Build.0 = Debug|Any CPU
		{BB5A5A4D-728D-4A6C-9D6E-C7DBE61669C0}.Release|Any CPU.ActiveCfg = Release|Any CPU
		{BB5A5A4D-728D-4A6C-9D6E-C7DBE61669C0}.Release|Any CPU.Build.0 = Release|Any CPU
		{E4CD1308-0D06-4E1E-945A-257ADAB5389E}.Debug|Any CPU.ActiveCfg = Debug|Any CPU
		{E4CD1308-0D06-4E1E-945A-257ADAB5389E}.Debug|Any CPU.Build.0 = Debug|Any CPU
		{E4CD1308-0D06-4E1E-945A-257ADAB5389E}.Release|Any CPU.ActiveCfg = Release|Any CPU
		{E4CD1308-0D06-4E1E-945A-257ADAB5389E}.Release|Any CPU.Build.0 = Release|Any CPU
		{1F235FF6-C81E-4224-B345-A7D4D3CFA4CC}.Debug|Any CPU.ActiveCfg = Debug|Any CPU
		{1F235FF6-C81E-4224-B345-A7D4D3CFA4CC}.Debug|Any CPU.Build.0 = Debug|Any CPU
		{1F235FF6-C81E-4224-B345-A7D4D3CFA4CC}.Release|Any CPU.ActiveCfg = Release|Any CPU
		{1F235FF6-C81E-4224-B345-A7D4D3CFA4CC}.Release|Any CPU.Build.0 = Release|Any CPU
		{03B152C5-DA47-45C6-BEA7-33EC47C019EE}.Debug|Any CPU.ActiveCfg = Debug|Any CPU
		{03B152C5-DA47-45C6-BEA7-33EC47C019EE}.Debug|Any CPU.Build.0 = Debug|Any CPU
		{03B152C5-DA47-45C6-BEA7-33EC47C019EE}.Release|Any CPU.ActiveCfg = Release|Any CPU
		{03B152C5-DA47-45C6-BEA7-33EC47C019EE}.Release|Any CPU.Build.0 = Release|Any CPU
		{A4F685DD-80CD-475D-8244-459BA499F479}.Debug|Any CPU.ActiveCfg = Debug|Any CPU
		{A4F685DD-80CD-475D-8244-459BA499F479}.Debug|Any CPU.Build.0 = Debug|Any CPU
		{A4F685DD-80CD-475D-8244-459BA499F479}.Release|Any CPU.ActiveCfg = Release|Any CPU
		{A4F685DD-80CD-475D-8244-459BA499F479}.Release|Any CPU.Build.0 = Release|Any CPU
		{A6F2315B-2031-45DF-A4DB-F996538AEBC8}.Debug|Any CPU.ActiveCfg = Debug|Any CPU
		{A6F2315B-2031-45DF-A4DB-F996538AEBC8}.Debug|Any CPU.Build.0 = Debug|Any CPU
		{A6F2315B-2031-45DF-A4DB-F996538AEBC8}.Release|Any CPU.ActiveCfg = Release|Any CPU
		{A6F2315B-2031-45DF-A4DB-F996538AEBC8}.Release|Any CPU.Build.0 = Release|Any CPU
		{2FA60374-F464-499E-B5AA-8ED35CD4B098}.Debug|Any CPU.ActiveCfg = Debug|Any CPU
		{2FA60374-F464-499E-B5AA-8ED35CD4B098}.Debug|Any CPU.Build.0 = Debug|Any CPU
		{2FA60374-F464-499E-B5AA-8ED35CD4B098}.Release|Any CPU.ActiveCfg = Release|Any CPU
		{2FA60374-F464-499E-B5AA-8ED35CD4B098}.Release|Any CPU.Build.0 = Release|Any CPU
		{79801531-A501-45F1-B7AA-C0F7D5B8861F}.Debug|Any CPU.ActiveCfg = Debug|Any CPU
		{79801531-A501-45F1-B7AA-C0F7D5B8861F}.Debug|Any CPU.Build.0 = Debug|Any CPU
		{79801531-A501-45F1-B7AA-C0F7D5B8861F}.Release|Any CPU.ActiveCfg = Release|Any CPU
		{79801531-A501-45F1-B7AA-C0F7D5B8861F}.Release|Any CPU.Build.0 = Release|Any CPU
		{58EC60E2-0E88-48F5-8128-7B06FFAA38CF}.Debug|Any CPU.ActiveCfg = Debug|Any CPU
		{58EC60E2-0E88-48F5-8128-7B06FFAA38CF}.Debug|Any CPU.Build.0 = Debug|Any CPU
		{58EC60E2-0E88-48F5-8128-7B06FFAA38CF}.Release|Any CPU.ActiveCfg = Release|Any CPU
		{58EC60E2-0E88-48F5-8128-7B06FFAA38CF}.Release|Any CPU.Build.0 = Release|Any CPU
		{71BC0B74-8198-41C7-8D59-73E3F011E858}.Debug|Any CPU.ActiveCfg = Debug|Any CPU
		{71BC0B74-8198-41C7-8D59-73E3F011E858}.Debug|Any CPU.Build.0 = Debug|Any CPU
		{71BC0B74-8198-41C7-8D59-73E3F011E858}.Release|Any CPU.ActiveCfg = Release|Any CPU
		{71BC0B74-8198-41C7-8D59-73E3F011E858}.Release|Any CPU.Build.0 = Release|Any CPU
		{6D9A7F1B-B534-45D1-80DB-7F2141AF21E7}.Debug|Any CPU.ActiveCfg = Debug|Any CPU
		{6D9A7F1B-B534-45D1-80DB-7F2141AF21E7}.Debug|Any CPU.Build.0 = Debug|Any CPU
		{6D9A7F1B-B534-45D1-80DB-7F2141AF21E7}.Release|Any CPU.ActiveCfg = Release|Any CPU
		{6D9A7F1B-B534-45D1-80DB-7F2141AF21E7}.Release|Any CPU.Build.0 = Release|Any CPU
		{7DC98D0B-72EE-445D-A95C-EBA5A323770E}.Debug|Any CPU.ActiveCfg = Debug|Any CPU
		{7DC98D0B-72EE-445D-A95C-EBA5A323770E}.Debug|Any CPU.Build.0 = Debug|Any CPU
		{7DC98D0B-72EE-445D-A95C-EBA5A323770E}.Release|Any CPU.ActiveCfg = Release|Any CPU
		{7DC98D0B-72EE-445D-A95C-EBA5A323770E}.Release|Any CPU.Build.0 = Release|Any CPU
	EndGlobalSection
	GlobalSection(SolutionProperties) = preSolution
		HideSolutionNode = FALSE
	EndGlobalSection
	GlobalSection(NestedProjects) = preSolution
		{6E21F72A-5EDB-4F4A-BB4C-23C2C53DCB1E} = {11256E00-B7DF-4D94-868B-75D1B327D6A0}
		{250FDB9D-8426-4474-854B-066F5BD7EB38} = {E13CB618-B06E-41AC-8898-EA85EF7AF93A}
		{153E02B1-03D0-4792-8891-F0AB4D5020DA} = {11256E00-B7DF-4D94-868B-75D1B327D6A0}
		{B5BDB697-7C40-4C27-8617-4729A31B188B} = {11256E00-B7DF-4D94-868B-75D1B327D6A0}
		{F3A81DC2-87F5-4340-B023-9AA7BC41DD69} = {11256E00-B7DF-4D94-868B-75D1B327D6A0}
		{49D917C2-4368-43F8-BB53-965BF9033A4A} = {11256E00-B7DF-4D94-868B-75D1B327D6A0}
		{1AF2D425-C4D5-43EA-9BE2-94233DFA29F6} = {11256E00-B7DF-4D94-868B-75D1B327D6A0}
		{2404CF20-B2BE-44F4-844A-1EA55AE9A416} = {11256E00-B7DF-4D94-868B-75D1B327D6A0}
		{8ECD9841-DB93-433C-A67D-F6A4BB5C2AE7} = {11256E00-B7DF-4D94-868B-75D1B327D6A0}
		{878BF9A3-9A61-4CCD-8FA1-BEF065E67250} = {11256E00-B7DF-4D94-868B-75D1B327D6A0}
		{ADD63C5A-CBBA-4433-A098-8912DDC29F17} = {11256E00-B7DF-4D94-868B-75D1B327D6A0}
		{85DAD497-B1B8-4604-A978-BDE8972DDE2C} = {11256E00-B7DF-4D94-868B-75D1B327D6A0}
		{11A95755-1691-4F5D-B088-D785ACAC82BF} = {11256E00-B7DF-4D94-868B-75D1B327D6A0}
		{D9CDAA31-CD00-42D7-B8A3-BD38FE1B7C6F} = {11256E00-B7DF-4D94-868B-75D1B327D6A0}
		{DDA864C3-7231-4B19-97C0-D566CD0240EF} = {E13CB618-B06E-41AC-8898-EA85EF7AF93A}
		{4BFC9155-252D-48A5-AA5D-951C5E8483BE} = {11256E00-B7DF-4D94-868B-75D1B327D6A0}
		{5E36ED15-D4D3-4AEC-9A6C-87A55D73D719} = {11256E00-B7DF-4D94-868B-75D1B327D6A0}
		{16902586-16F1-45D1-A5F8-20D43FD53FE0} = {11256E00-B7DF-4D94-868B-75D1B327D6A0}
		{64493423-4A76-4B05-97A6-BDDCAB023768} = {11256E00-B7DF-4D94-868B-75D1B327D6A0}
		{AF50C4FD-126A-4812-8891-671BFFE4976D} = {11256E00-B7DF-4D94-868B-75D1B327D6A0}
		{BF8EC814-E2FD-416D-B192-26D8CF5AB403} = {11256E00-B7DF-4D94-868B-75D1B327D6A0}
		{CB7C0C56-E0E0-467E-9B8C-8E832A8EE6E2} = {11256E00-B7DF-4D94-868B-75D1B327D6A0}
		{9B942D45-EE66-4988-AC12-5C135BF64FB2} = {FD24F3B5-0805-44E5-A510-F3748702C2D8}
		{82D8020F-9DEF-452A-90DA-09882D694F77} = {E13CB618-B06E-41AC-8898-EA85EF7AF93A}
		{7E6AD939-6A48-4C13-B405-F9D4CE7F3594} = {11256E00-B7DF-4D94-868B-75D1B327D6A0}
		{85699E30-707B-4B93-B532-B15A17C459F1} = {E13CB618-B06E-41AC-8898-EA85EF7AF93A}
		{D402EFD5-5F14-4AF5-87DB-A04DE45BBA28} = {E13CB618-B06E-41AC-8898-EA85EF7AF93A}
		{CE48E6BB-64CD-4C26-9F08-6BFB8A699709} = {E13CB618-B06E-41AC-8898-EA85EF7AF93A}
		{76E44766-F1E8-4972-9A10-2A051E2E9382} = {E13CB618-B06E-41AC-8898-EA85EF7AF93A}
		{EEC9EBCE-DF65-4C21-A1EE-0DBBB424B926} = {4E51FF2C-12B5-4B43-B958-D146A9F7EF4E}
		{3CAB0A4C-67E5-4B33-81D1-74DE8A74523D} = {E5FA789E-196F-4734-91F4-0A3F37D40917}
		{B5587D6E-FE15-479C-A560-3EC67B6AC329} = {E13CB618-B06E-41AC-8898-EA85EF7AF93A}
		{1753A541-6380-4D60-BB46-BEE64950569E} = {E13CB618-B06E-41AC-8898-EA85EF7AF93A}
		{BEDEBF3C-059F-4DAB-8D34-CC285ED82818} = {11256E00-B7DF-4D94-868B-75D1B327D6A0}
		{1F6618BA-71EF-4E04-AA31-928B5ED91C29} = {E13CB618-B06E-41AC-8898-EA85EF7AF93A}
		{3B8EAFCE-105C-4E07-B133-BF562AB9FF7E} = {11256E00-B7DF-4D94-868B-75D1B327D6A0}
		{18047248-9236-4A34-8644-0A1100A3B3D4} = {E13CB618-B06E-41AC-8898-EA85EF7AF93A}
		{DFBD357B-F925-40BD-91BF-82C5D0EB79E5} = {E13CB618-B06E-41AC-8898-EA85EF7AF93A}
		{97BDD7D3-CBD1-488E-A2F5-58D4FD438BEF} = {11256E00-B7DF-4D94-868B-75D1B327D6A0}
		{FD204769-812E-4B7C-8878-08CE7231530E} = {11256E00-B7DF-4D94-868B-75D1B327D6A0}
		{39720D8B-FEFA-4AE1-91B5-AC581AFB910A} = {CFB0A404-0B46-492C-80A7-E1F33E8AB9C2}
		{725E277A-8846-4972-99DE-9F0513356DEA} = {4E51FF2C-12B5-4B43-B958-D146A9F7EF4E}
		{629771EA-D04D-4903-BDDB-5E8AC577394E} = {E5FA789E-196F-4734-91F4-0A3F37D40917}
		{133244D8-9A52-4A77-AE1D-C3CF49F94115} = {2D85F88F-53F6-483E-9C91-A84E053D124B}
		{9B3B0B9E-1CDA-4647-A216-D3B8119FD929} = {2D85F88F-53F6-483E-9C91-A84E053D124B}
		{D85CDB71-4F54-41A1-8814-49856771B7A4} = {E5FA789E-196F-4734-91F4-0A3F37D40917}
		{1BB92F06-9724-40CA-B928-AED607370993} = {E5FA789E-196F-4734-91F4-0A3F37D40917}
		{380AB617-0A2F-4AC8-92CA-1F153BC5D9BC} = {2D85F88F-53F6-483E-9C91-A84E053D124B}
		{1B6E2F62-D677-43B2-AEE5-5FD3E67F20E6} = {2D85F88F-53F6-483E-9C91-A84E053D124B}
		{9A77CC7D-065A-46A6-A7BF-06EA4EF8D063} = {3F884F8B-0110-4AF4-83FB-FC3F3B8D4BDF}
		{F198D088-6F9B-4645-80CF-05E7171A188B} = {E5FA789E-196F-4734-91F4-0A3F37D40917}
		{D53279C6-7F84-4463-B94A-4A00FDCB603B} = {E5FA789E-196F-4734-91F4-0A3F37D40917}
		{DA9E1603-21E4-48DE-A46E-9CF0783DB607} = {E13CB618-B06E-41AC-8898-EA85EF7AF93A}
		{B35F41B6-447B-4566-84B8-260E2FEFD808} = {FD24F3B5-0805-44E5-A510-F3748702C2D8}
		{BB5A5A4D-728D-4A6C-9D6E-C7DBE61669C0} = {2D85F88F-53F6-483E-9C91-A84E053D124B}
		{E4CD1308-0D06-4E1E-945A-257ADAB5389E} = {E13CB618-B06E-41AC-8898-EA85EF7AF93A}
		{1F235FF6-C81E-4224-B345-A7D4D3CFA4CC} = {11256E00-B7DF-4D94-868B-75D1B327D6A0}
		{03B152C5-DA47-45C6-BEA7-33EC47C019EE} = {11256E00-B7DF-4D94-868B-75D1B327D6A0}
		{A4F685DD-80CD-475D-8244-459BA499F479} = {11256E00-B7DF-4D94-868B-75D1B327D6A0}
		{A6F2315B-2031-45DF-A4DB-F996538AEBC8} = {11256E00-B7DF-4D94-868B-75D1B327D6A0}
		{2FA60374-F464-499E-B5AA-8ED35CD4B098} = {11256E00-B7DF-4D94-868B-75D1B327D6A0}
		{79801531-A501-45F1-B7AA-C0F7D5B8861F} = {11256E00-B7DF-4D94-868B-75D1B327D6A0}
		{58EC60E2-0E88-48F5-8128-7B06FFAA38CF} = {CFB0A404-0B46-492C-80A7-E1F33E8AB9C2}
		{71BC0B74-8198-41C7-8D59-73E3F011E858} = {CFB0A404-0B46-492C-80A7-E1F33E8AB9C2}
		{6D9A7F1B-B534-45D1-80DB-7F2141AF21E7} = {11256E00-B7DF-4D94-868B-75D1B327D6A0}
		{7DC98D0B-72EE-445D-A95C-EBA5A323770E} = {FD24F3B5-0805-44E5-A510-F3748702C2D8}
	EndGlobalSection
	GlobalSection(ExtensibilityGlobals) = postSolution
		SolutionGuid = {B4539FBF-9060-4722-8A95-C18CD85382C1}
	EndGlobalSection
EndGlobal
