
Microsoft Visual Studio Solution File, Format Version 12.00
# Visual Studio Version 17
VisualStudioVersion = 17.3.32825.248
MinimumVisualStudioVersion = 10.0.40219.1
Project("{2150E333-8FDC-42A3-9474-1A3956D46DE8}") = "ConsoleApp", "ConsoleApp", "{11256E00-B7DF-4D94-868B-75D1B327D6A0}"
EndProject
Project("{9A19103F-16F7-4668-BE54-9A1E7A4F7556}") = "Calculator.ConsoleApp", "Calculator.ConsoleApp\Calculator.ConsoleApp.csproj", "{6E21F72A-5EDB-4F4A-BB4C-23C2C53DCB1E}"
EndProject
Project("{2150E333-8FDC-42A3-9474-1A3956D46DE8}") = "WebAPI", "WebAPI", "{E13CB618-B06E-41AC-8898-EA85EF7AF93A}"
EndProject
Project("{9A19103F-16F7-4668-BE54-9A1E7A4F7556}") = "ToDoList.API", "ToDoList.API\ToDoList.API.csproj", "{250FDB9D-8426-4474-854B-066F5BD7EB38}"
EndProject
Project("{9A19103F-16F7-4668-BE54-9A1E7A4F7556}") = "ChatGPT.APIClient.ConsoleApp", "ChatGPT.APIClient.ConsoleApp\ChatGPT.APIClient.ConsoleApp.csproj", "{153E02B1-03D0-4792-8891-F0AB4D5020DA}"
EndProject
Project("{9A19103F-16F7-4668-BE54-9A1E7A4F7556}") = "BubbleSort.ConsoleApp", "BubbleSort.ConsoleApp\BubbleSort.ConsoleApp.csproj", "{B5BDB697-7C40-4C27-8617-4729A31B188B}"
EndProject
Project("{9A19103F-16F7-4668-BE54-9A1E7A4F7556}") = "GenericsBasics.ConsoleApp", "GenericsBasics.ConsoleApp\GenericsBasics.ConsoleApp.csproj", "{F3A81DC2-87F5-4340-B023-9AA7BC41DD69}"
EndProject
Project("{9A19103F-16F7-4668-BE54-9A1E7A4F7556}") = "ThermostatEvents.ConsoleApp", "ThermostatEvents.ConsoleApp\ThermostatEvents.ConsoleApp.csproj", "{49D917C2-4368-43F8-BB53-965BF9033A4A}"
EndProject
Project("{9A19103F-16F7-4668-BE54-9A1E7A4F7556}") = "DelegateBasic.ConsoleApp", "DelegateBasic.ConsoleApp\DelegateBasic.ConsoleApp.csproj", "{1AF2D425-C4D5-43EA-9BE2-94233DFA29F6}"
EndProject
Project("{9A19103F-16F7-4668-BE54-9A1E7A4F7556}") = "InheritanceExample.ConsoleApp", "InheritanceExample.ConsoleApp\InheritanceExample.ConsoleApp.csproj", "{2404CF20-B2BE-44F4-844A-1EA55AE9A416}"
EndProject
Project("{9A19103F-16F7-4668-BE54-9A1E7A4F7556}") = "EnumExamples.ConsoleApp", "EnumExamples.ConsoleApp\EnumExamples.ConsoleApp.csproj", "{8ECD9841-DB93-433C-A67D-F6A4BB5C2AE7}"
EndProject
Project("{9A19103F-16F7-4668-BE54-9A1E7A4F7556}") = "StringExamples.ConsoleApp", "StringExamples.ConsoleApp\StringExamples.ConsoleApp.csproj", "{878BF9A3-9A61-4CCD-8FA1-BEF065E67250}"
EndProject
Project("{9A19103F-16F7-4668-BE54-9A1E7A4F7556}") = "ArrayExamples.ConsoleApp", "ArrayExamples.ConsoleApp\ArrayExamples.ConsoleApp.csproj", "{ADD63C5A-CBBA-4433-A098-8912DDC29F17}"
EndProject
Project("{9A19103F-16F7-4668-BE54-9A1E7A4F7556}") = "LoopExamples.ConsoleApp", "LoopExamples.ConsoleApp\LoopExamples.ConsoleApp.csproj", "{85DAD497-B1B8-4604-A978-BDE8972DDE2C}"
EndProject
Project("{9A19103F-16F7-4668-BE54-9A1E7A4F7556}") = "LINQQueries.ConsoleApp", "LINQQueries.ConsoleApp\LINQQueries.ConsoleApp.csproj", "{11A95755-1691-4F5D-B088-D785ACAC82BF}"
EndProject
Project("{9A19103F-16F7-4668-BE54-9A1E7A4F7556}") = "RestSharp.ConsoleApp", "RestSharp.ConsoleApp\RestSharp.ConsoleApp.csproj", "{D9CDAA31-CD00-42D7-B8A3-BD38FE1B7C6F}"
EndProject
Project("{9A19103F-16F7-4668-BE54-9A1E7A4F7556}") = "JwtWeb.API", "JwtWeb.API\JwtWeb.API.csproj", "{DDA864C3-7231-4B19-97C0-D566CD0240EF}"
EndProject
Project("{9A19103F-16F7-4668-BE54-9A1E7A4F7556}") = "JsonCompression.ConsoleApp", "JsonCompression.ConsoleApp\JsonCompression.ConsoleApp.csproj", "{4BFC9155-252D-48A5-AA5D-951C5E8483BE}"
EndProject
Project("{9A19103F-16F7-4668-BE54-9A1E7A4F7556}") = "Docker.ConsoleApp", "Docker.ConsoleApp\Docker.ConsoleApp.csproj", "{5E36ED15-D4D3-4AEC-9A6C-87A55D73D719}"
EndProject
Project("{9A19103F-16F7-4668-BE54-9A1E7A4F7556}") = "KeyGen.ConsoleApp", "KeyGen.ConsoleApp\KeyGen.ConsoleApp.csproj", "{16902586-16F1-45D1-A5F8-20D43FD53FE0}"
EndProject
Project("{9A19103F-16F7-4668-BE54-9A1E7A4F7556}") = "ConsumeWebAPI.ConsoleApp", "ConsumeWebAPI.ConsoleApp\ConsumeWebAPI.ConsoleApp.csproj", "{64493423-4A76-4B05-97A6-BDDCAB023768}"
EndProject
Project("{9A19103F-16F7-4668-BE54-9A1E7A4F7556}") = "MQTT.ConsoleApp", "MQTT.ConsoleApp\MQTT.ConsoleApp.csproj", "{AF50C4FD-126A-4812-8891-671BFFE4976D}"
EndProject
Project("{9A19103F-16F7-4668-BE54-9A1E7A4F7556}") = "HiveMQ.ConsoleApp", "HiveMQ.ConsoleApp\HiveMQ.ConsoleApp.csproj", "{BF8EC814-E2FD-416D-B192-26D8CF5AB403}"
EndProject
Project("{9A19103F-16F7-4668-BE54-9A1E7A4F7556}") = "SimpleMQTTClient4.ConsoleApp", "SimpleMQTTClient4.ConsoleApp\SimpleMQTTClient4.ConsoleApp.csproj", "{CB7C0C56-E0E0-467E-9B8C-8E832A8EE6E2}"
EndProject
Project("{2150E333-8FDC-42A3-9474-1A3956D46DE8}") = "UI", "UI", "{FD24F3B5-0805-44E5-A510-F3748702C2D8}"
EndProject
Project("{9A19103F-16F7-4668-BE54-9A1E7A4F7556}") = "JQueryAJAX.WebApp", "JQueryAJAX.WebApp\JQueryAJAX.WebApp.csproj", "{9B942D45-EE66-4988-AC12-5C135BF64FB2}"
EndProject
Project("{9A19103F-16F7-4668-BE54-9A1E7A4F7556}") = "Handfire.API", "Handfire.API\Handfire.API.csproj", "{82D8020F-9DEF-452A-90DA-09882D694F77}"
EndProject
Project("{FAE04EC0-301F-11D3-BF4B-00C04F79EFBC}") = "Dummie.ConsoleApp", "Dummie.ConsoleApp\Dummie.ConsoleApp.csproj", "{7E6AD939-6A48-4C13-B405-F9D4CE7F3594}"
EndProject
Project("{FAE04EC0-301F-11D3-BF4B-00C04F79EFBC}") = "SecuringWithKey.API", "SecuringWithKey.API\SecuringWithKey.API.csproj", "{85699E30-707B-4B93-B532-B15A17C459F1}"
EndProject
Project("{FAE04EC0-301F-11D3-BF4B-00C04F79EFBC}") = "Auth.API", "Auth.API\Auth.API.csproj", "{D402EFD5-5F14-4AF5-87DB-A04DE45BBA28}"
EndProject
Project("{FAE04EC0-301F-11D3-BF4B-00C04F79EFBC}") = "SecuringWithKey2.API", "SecuringWithKey2.API\SecuringWithKey2.API.csproj", "{CE48E6BB-64CD-4C26-9F08-6BFB8A699709}"
EndProject
Project("{FAE04EC0-301F-11D3-BF4B-00C04F79EFBC}") = "Encrption.API", "Encrption.API\Encrption.API.csproj", "{76E44766-F1E8-4972-9A10-2A051E2E9382}"
EndProject
Project("{2150E333-8FDC-42A3-9474-1A3956D46DE8}") = "Core", "Core", "{E5FA789E-196F-4734-91F4-0A3F37D40917}"
EndProject
Project("{2150E333-8FDC-42A3-9474-1A3956D46DE8}") = "Service", "Service", "{0CBD227A-C900-416B-9190-9399C95260E7}"
EndProject
Project("{2150E333-8FDC-42A3-9474-1A3956D46DE8}") = "Infrastructure", "Infrastructure", "{2D85F88F-53F6-483E-9C91-A84E053D124B}"
EndProject
Project("{2150E333-8FDC-42A3-9474-1A3956D46DE8}") = "XYZ", "XYZ", "{94A63818-A3D3-4FE4-9D17-FE36B3809375}"
	ProjectSection(SolutionItems) = preProject
		AuthDbContext.sql = AuthDbContext.sql
		FTPClient.cs = FTPClient.cs
		HangFireSQLScript.sql = HangFireSQLScript.sql
		InternetLink.txt = InternetLink.txt
		sp_GetUserRoles.sql = sp_GetUserRoles.sql
		sp_GetUsers.sql = sp_GetUsers.sql
		sq_CreateUser.sql = sq_CreateUser.sql
	EndProjectSection
EndProject
Project("{2150E333-8FDC-42A3-9474-1A3956D46DE8}") = "Test", "Test", "{4E51FF2C-12B5-4B43-B958-D146A9F7EF4E}"
EndProject
Project("{FAE04EC0-301F-11D3-BF4B-00C04F79EFBC}") = "TestProject.WF", "TestProject.WF\TestProject.WF.csproj", "{EEC9EBCE-DF65-4C21-A1EE-0DBBB424B926}"
EndProject
Project("{FAE04EC0-301F-11D3-BF4B-00C04F79EFBC}") = "Domain", "Domain\Domain.csproj", "{3CAB0A4C-67E5-4B33-81D1-74DE8A74523D}"
EndProject
Project("{FAE04EC0-301F-11D3-BF4B-00C04F79EFBC}") = "SpReaders.API", "SpReaders.API\SpReaders.API.csproj", "{B5587D6E-FE15-479C-A560-3EC67B6AC329}"
EndProject
Global
	GlobalSection(SolutionConfigurationPlatforms) = preSolution
		Debug|Any CPU = Debug|Any CPU
		Release|Any CPU = Release|Any CPU
	EndGlobalSection
	GlobalSection(ProjectConfigurationPlatforms) = postSolution
		{6E21F72A-5EDB-4F4A-BB4C-23C2C53DCB1E}.Debug|Any CPU.ActiveCfg = Debug|Any CPU
		{6E21F72A-5EDB-4F4A-BB4C-23C2C53DCB1E}.Debug|Any CPU.Build.0 = Debug|Any CPU
		{6E21F72A-5EDB-4F4A-BB4C-23C2C53DCB1E}.Release|Any CPU.ActiveCfg = Release|Any CPU
		{6E21F72A-5EDB-4F4A-BB4C-23C2C53DCB1E}.Release|Any CPU.Build.0 = Release|Any CPU
		{250FDB9D-8426-4474-854B-066F5BD7EB38}.Debug|Any CPU.ActiveCfg = Debug|Any CPU
		{250FDB9D-8426-4474-854B-066F5BD7EB38}.Debug|Any CPU.Build.0 = Debug|Any CPU
		{250FDB9D-8426-4474-854B-066F5BD7EB38}.Release|Any CPU.ActiveCfg = Release|Any CPU
		{250FDB9D-8426-4474-854B-066F5BD7EB38}.Release|Any CPU.Build.0 = Release|Any CPU
		{153E02B1-03D0-4792-8891-F0AB4D5020DA}.Debug|Any CPU.ActiveCfg = Debug|Any CPU
		{153E02B1-03D0-4792-8891-F0AB4D5020DA}.Debug|Any CPU.Build.0 = Debug|Any CPU
		{153E02B1-03D0-4792-8891-F0AB4D5020DA}.Release|Any CPU.ActiveCfg = Release|Any CPU
		{153E02B1-03D0-4792-8891-F0AB4D5020DA}.Release|Any CPU.Build.0 = Release|Any CPU
		{B5BDB697-7C40-4C27-8617-4729A31B188B}.Debug|Any CPU.ActiveCfg = Debug|Any CPU
		{B5BDB697-7C40-4C27-8617-4729A31B188B}.Debug|Any CPU.Build.0 = Debug|Any CPU
		{B5BDB697-7C40-4C27-8617-4729A31B188B}.Release|Any CPU.ActiveCfg = Release|Any CPU
		{B5BDB697-7C40-4C27-8617-4729A31B188B}.Release|Any CPU.Build.0 = Release|Any CPU
		{F3A81DC2-87F5-4340-B023-9AA7BC41DD69}.Debug|Any CPU.ActiveCfg = Debug|Any CPU
		{F3A81DC2-87F5-4340-B023-9AA7BC41DD69}.Debug|Any CPU.Build.0 = Debug|Any CPU
		{F3A81DC2-87F5-4340-B023-9AA7BC41DD69}.Release|Any CPU.ActiveCfg = Release|Any CPU
		{F3A81DC2-87F5-4340-B023-9AA7BC41DD69}.Release|Any CPU.Build.0 = Release|Any CPU
		{49D917C2-4368-43F8-BB53-965BF9033A4A}.Debug|Any CPU.ActiveCfg = Debug|Any CPU
		{49D917C2-4368-43F8-BB53-965BF9033A4A}.Debug|Any CPU.Build.0 = Debug|Any CPU
		{49D917C2-4368-43F8-BB53-965BF9033A4A}.Release|Any CPU.ActiveCfg = Release|Any CPU
		{49D917C2-4368-43F8-BB53-965BF9033A4A}.Release|Any CPU.Build.0 = Release|Any CPU
		{1AF2D425-C4D5-43EA-9BE2-94233DFA29F6}.Debug|Any CPU.ActiveCfg = Debug|Any CPU
		{1AF2D425-C4D5-43EA-9BE2-94233DFA29F6}.Debug|Any CPU.Build.0 = Debug|Any CPU
		{1AF2D425-C4D5-43EA-9BE2-94233DFA29F6}.Release|Any CPU.ActiveCfg = Release|Any CPU
		{1AF2D425-C4D5-43EA-9BE2-94233DFA29F6}.Release|Any CPU.Build.0 = Release|Any CPU
		{2404CF20-B2BE-44F4-844A-1EA55AE9A416}.Debug|Any CPU.ActiveCfg = Debug|Any CPU
		{2404CF20-B2BE-44F4-844A-1EA55AE9A416}.Debug|Any CPU.Build.0 = Debug|Any CPU
		{2404CF20-B2BE-44F4-844A-1EA55AE9A416}.Release|Any CPU.ActiveCfg = Release|Any CPU
		{2404CF20-B2BE-44F4-844A-1EA55AE9A416}.Release|Any CPU.Build.0 = Release|Any CPU
		{8ECD9841-DB93-433C-A67D-F6A4BB5C2AE7}.Debug|Any CPU.ActiveCfg = Debug|Any CPU
		{8ECD9841-DB93-433C-A67D-F6A4BB5C2AE7}.Debug|Any CPU.Build.0 = Debug|Any CPU
		{8ECD9841-DB93-433C-A67D-F6A4BB5C2AE7}.Release|Any CPU.ActiveCfg = Release|Any CPU
		{8ECD9841-DB93-433C-A67D-F6A4BB5C2AE7}.Release|Any CPU.Build.0 = Release|Any CPU
		{878BF9A3-9A61-4CCD-8FA1-BEF065E67250}.Debug|Any CPU.ActiveCfg = Debug|Any CPU
		{878BF9A3-9A61-4CCD-8FA1-BEF065E67250}.Debug|Any CPU.Build.0 = Debug|Any CPU
		{878BF9A3-9A61-4CCD-8FA1-BEF065E67250}.Release|Any CPU.ActiveCfg = Release|Any CPU
		{878BF9A3-9A61-4CCD-8FA1-BEF065E67250}.Release|Any CPU.Build.0 = Release|Any CPU
		{ADD63C5A-CBBA-4433-A098-8912DDC29F17}.Debug|Any CPU.ActiveCfg = Debug|Any CPU
		{ADD63C5A-CBBA-4433-A098-8912DDC29F17}.Debug|Any CPU.Build.0 = Debug|Any CPU
		{ADD63C5A-CBBA-4433-A098-8912DDC29F17}.Release|Any CPU.ActiveCfg = Release|Any CPU
		{ADD63C5A-CBBA-4433-A098-8912DDC29F17}.Release|Any CPU.Build.0 = Release|Any CPU
		{85DAD497-B1B8-4604-A978-BDE8972DDE2C}.Debug|Any CPU.ActiveCfg = Debug|Any CPU
		{85DAD497-B1B8-4604-A978-BDE8972DDE2C}.Debug|Any CPU.Build.0 = Debug|Any CPU
		{85DAD497-B1B8-4604-A978-BDE8972DDE2C}.Release|Any CPU.ActiveCfg = Release|Any CPU
		{85DAD497-B1B8-4604-A978-BDE8972DDE2C}.Release|Any CPU.Build.0 = Release|Any CPU
		{11A95755-1691-4F5D-B088-D785ACAC82BF}.Debug|Any CPU.ActiveCfg = Debug|Any CPU
		{11A95755-1691-4F5D-B088-D785ACAC82BF}.Debug|Any CPU.Build.0 = Debug|Any CPU
		{11A95755-1691-4F5D-B088-D785ACAC82BF}.Release|Any CPU.ActiveCfg = Release|Any CPU
		{11A95755-1691-4F5D-B088-D785ACAC82BF}.Release|Any CPU.Build.0 = Release|Any CPU
		{D9CDAA31-CD00-42D7-B8A3-BD38FE1B7C6F}.Debug|Any CPU.ActiveCfg = Debug|Any CPU
		{D9CDAA31-CD00-42D7-B8A3-BD38FE1B7C6F}.Debug|Any CPU.Build.0 = Debug|Any CPU
		{D9CDAA31-CD00-42D7-B8A3-BD38FE1B7C6F}.Release|Any CPU.ActiveCfg = Release|Any CPU
		{D9CDAA31-CD00-42D7-B8A3-BD38FE1B7C6F}.Release|Any CPU.Build.0 = Release|Any CPU
		{DDA864C3-7231-4B19-97C0-D566CD0240EF}.Debug|Any CPU.ActiveCfg = Debug|Any CPU
		{DDA864C3-7231-4B19-97C0-D566CD0240EF}.Debug|Any CPU.Build.0 = Debug|Any CPU
		{DDA864C3-7231-4B19-97C0-D566CD0240EF}.Release|Any CPU.ActiveCfg = Release|Any CPU
		{DDA864C3-7231-4B19-97C0-D566CD0240EF}.Release|Any CPU.Build.0 = Release|Any CPU
		{4BFC9155-252D-48A5-AA5D-951C5E8483BE}.Debug|Any CPU.ActiveCfg = Debug|Any CPU
		{4BFC9155-252D-48A5-AA5D-951C5E8483BE}.Debug|Any CPU.Build.0 = Debug|Any CPU
		{4BFC9155-252D-48A5-AA5D-951C5E8483BE}.Release|Any CPU.ActiveCfg = Release|Any CPU
		{4BFC9155-252D-48A5-AA5D-951C5E8483BE}.Release|Any CPU.Build.0 = Release|Any CPU
		{5E36ED15-D4D3-4AEC-9A6C-87A55D73D719}.Debug|Any CPU.ActiveCfg = Debug|Any CPU
		{5E36ED15-D4D3-4AEC-9A6C-87A55D73D719}.Debug|Any CPU.Build.0 = Debug|Any CPU
		{5E36ED15-D4D3-4AEC-9A6C-87A55D73D719}.Release|Any CPU.ActiveCfg = Release|Any CPU
		{5E36ED15-D4D3-4AEC-9A6C-87A55D73D719}.Release|Any CPU.Build.0 = Release|Any CPU
		{16902586-16F1-45D1-A5F8-20D43FD53FE0}.Debug|Any CPU.ActiveCfg = Debug|Any CPU
		{16902586-16F1-45D1-A5F8-20D43FD53FE0}.Debug|Any CPU.Build.0 = Debug|Any CPU
		{16902586-16F1-45D1-A5F8-20D43FD53FE0}.Release|Any CPU.ActiveCfg = Release|Any CPU
		{16902586-16F1-45D1-A5F8-20D43FD53FE0}.Release|Any CPU.Build.0 = Release|Any CPU
		{64493423-4A76-4B05-97A6-BDDCAB023768}.Debug|Any CPU.ActiveCfg = Debug|Any CPU
		{64493423-4A76-4B05-97A6-BDDCAB023768}.Debug|Any CPU.Build.0 = Debug|Any CPU
		{64493423-4A76-4B05-97A6-BDDCAB023768}.Release|Any CPU.ActiveCfg = Release|Any CPU
		{64493423-4A76-4B05-97A6-BDDCAB023768}.Release|Any CPU.Build.0 = Release|Any CPU
		{AF50C4FD-126A-4812-8891-671BFFE4976D}.Debug|Any CPU.ActiveCfg = Debug|Any CPU
		{AF50C4FD-126A-4812-8891-671BFFE4976D}.Debug|Any CPU.Build.0 = Debug|Any CPU
		{AF50C4FD-126A-4812-8891-671BFFE4976D}.Release|Any CPU.ActiveCfg = Release|Any CPU
		{AF50C4FD-126A-4812-8891-671BFFE4976D}.Release|Any CPU.Build.0 = Release|Any CPU
		{BF8EC814-E2FD-416D-B192-26D8CF5AB403}.Debug|Any CPU.ActiveCfg = Debug|Any CPU
		{BF8EC814-E2FD-416D-B192-26D8CF5AB403}.Debug|Any CPU.Build.0 = Debug|Any CPU
		{BF8EC814-E2FD-416D-B192-26D8CF5AB403}.Release|Any CPU.ActiveCfg = Release|Any CPU
		{BF8EC814-E2FD-416D-B192-26D8CF5AB403}.Release|Any CPU.Build.0 = Release|Any CPU
		{CB7C0C56-E0E0-467E-9B8C-8E832A8EE6E2}.Debug|Any CPU.ActiveCfg = Debug|Any CPU
		{CB7C0C56-E0E0-467E-9B8C-8E832A8EE6E2}.Debug|Any CPU.Build.0 = Debug|Any CPU
		{CB7C0C56-E0E0-467E-9B8C-8E832A8EE6E2}.Release|Any CPU.ActiveCfg = Release|Any CPU
		{CB7C0C56-E0E0-467E-9B8C-8E832A8EE6E2}.Release|Any CPU.Build.0 = Release|Any CPU
		{9B942D45-EE66-4988-AC12-5C135BF64FB2}.Debug|Any CPU.ActiveCfg = Debug|Any CPU
		{9B942D45-EE66-4988-AC12-5C135BF64FB2}.Debug|Any CPU.Build.0 = Debug|Any CPU
		{9B942D45-EE66-4988-AC12-5C135BF64FB2}.Release|Any CPU.ActiveCfg = Release|Any CPU
		{9B942D45-EE66-4988-AC12-5C135BF64FB2}.Release|Any CPU.Build.0 = Release|Any CPU
		{82D8020F-9DEF-452A-90DA-09882D694F77}.Debug|Any CPU.ActiveCfg = Debug|Any CPU
		{82D8020F-9DEF-452A-90DA-09882D694F77}.Debug|Any CPU.Build.0 = Debug|Any CPU
		{82D8020F-9DEF-452A-90DA-09882D694F77}.Release|Any CPU.ActiveCfg = Release|Any CPU
		{82D8020F-9DEF-452A-90DA-09882D694F77}.Release|Any CPU.Build.0 = Release|Any CPU
		{7E6AD939-6A48-4C13-B405-F9D4CE7F3594}.Debug|Any CPU.ActiveCfg = Debug|Any CPU
		{7E6AD939-6A48-4C13-B405-F9D4CE7F3594}.Debug|Any CPU.Build.0 = Debug|Any CPU
		{7E6AD939-6A48-4C13-B405-F9D4CE7F3594}.Release|Any CPU.ActiveCfg = Release|Any CPU
		{7E6AD939-6A48-4C13-B405-F9D4CE7F3594}.Release|Any CPU.Build.0 = Release|Any CPU
		{85699E30-707B-4B93-B532-B15A17C459F1}.Debug|Any CPU.ActiveCfg = Debug|Any CPU
		{85699E30-707B-4B93-B532-B15A17C459F1}.Debug|Any CPU.Build.0 = Debug|Any CPU
		{85699E30-707B-4B93-B532-B15A17C459F1}.Release|Any CPU.ActiveCfg = Release|Any CPU
		{85699E30-707B-4B93-B532-B15A17C459F1}.Release|Any CPU.Build.0 = Release|Any CPU
		{D402EFD5-5F14-4AF5-87DB-A04DE45BBA28}.Debug|Any CPU.ActiveCfg = Debug|Any CPU
		{D402EFD5-5F14-4AF5-87DB-A04DE45BBA28}.Debug|Any CPU.Build.0 = Debug|Any CPU
		{D402EFD5-5F14-4AF5-87DB-A04DE45BBA28}.Release|Any CPU.ActiveCfg = Release|Any CPU
		{D402EFD5-5F14-4AF5-87DB-A04DE45BBA28}.Release|Any CPU.Build.0 = Release|Any CPU
		{CE48E6BB-64CD-4C26-9F08-6BFB8A699709}.Debug|Any CPU.ActiveCfg = Debug|Any CPU
		{CE48E6BB-64CD-4C26-9F08-6BFB8A699709}.Debug|Any CPU.Build.0 = Debug|Any CPU
		{CE48E6BB-64CD-4C26-9F08-6BFB8A699709}.Release|Any CPU.ActiveCfg = Release|Any CPU
		{CE48E6BB-64CD-4C26-9F08-6BFB8A699709}.Release|Any CPU.Build.0 = Release|Any CPU
		{76E44766-F1E8-4972-9A10-2A051E2E9382}.Debug|Any CPU.ActiveCfg = Debug|Any CPU
		{76E44766-F1E8-4972-9A10-2A051E2E9382}.Debug|Any CPU.Build.0 = Debug|Any CPU
		{76E44766-F1E8-4972-9A10-2A051E2E9382}.Release|Any CPU.ActiveCfg = Release|Any CPU
		{76E44766-F1E8-4972-9A10-2A051E2E9382}.Release|Any CPU.Build.0 = Release|Any CPU
		{EEC9EBCE-DF65-4C21-A1EE-0DBBB424B926}.Debug|Any CPU.ActiveCfg = Debug|Any CPU
		{EEC9EBCE-DF65-4C21-A1EE-0DBBB424B926}.Debug|Any CPU.Build.0 = Debug|Any CPU
		{EEC9EBCE-DF65-4C21-A1EE-0DBBB424B926}.Release|Any CPU.ActiveCfg = Release|Any CPU
		{EEC9EBCE-DF65-4C21-A1EE-0DBBB424B926}.Release|Any CPU.Build.0 = Release|Any CPU
		{3CAB0A4C-67E5-4B33-81D1-74DE8A74523D}.Debug|Any CPU.ActiveCfg = Debug|Any CPU
		{3CAB0A4C-67E5-4B33-81D1-74DE8A74523D}.Debug|Any CPU.Build.0 = Debug|Any CPU
		{3CAB0A4C-67E5-4B33-81D1-74DE8A74523D}.Release|Any CPU.ActiveCfg = Release|Any CPU
		{3CAB0A4C-67E5-4B33-81D1-74DE8A74523D}.Release|Any CPU.Build.0 = Release|Any CPU
		{B5587D6E-FE15-479C-A560-3EC67B6AC329}.Debug|Any CPU.ActiveCfg = Debug|Any CPU
		{B5587D6E-FE15-479C-A560-3EC67B6AC329}.Debug|Any CPU.Build.0 = Debug|Any CPU
		{B5587D6E-FE15-479C-A560-3EC67B6AC329}.Release|Any CPU.ActiveCfg = Release|Any CPU
		{B5587D6E-FE15-479C-A560-3EC67B6AC329}.Release|Any CPU.Build.0 = Release|Any CPU
	EndGlobalSection
	GlobalSection(SolutionProperties) = preSolution
		HideSolutionNode = FALSE
	EndGlobalSection
	GlobalSection(NestedProjects) = preSolution
		{6E21F72A-5EDB-4F4A-BB4C-23C2C53DCB1E} = {11256E00-B7DF-4D94-868B-75D1B327D6A0}
		{250FDB9D-8426-4474-854B-066F5BD7EB38} = {E13CB618-B06E-41AC-8898-EA85EF7AF93A}
		{153E02B1-03D0-4792-8891-F0AB4D5020DA} = {11256E00-B7DF-4D94-868B-75D1B327D6A0}
		{B5BDB697-7C40-4C27-8617-4729A31B188B} = {11256E00-B7DF-4D94-868B-75D1B327D6A0}
		{F3A81DC2-87F5-4340-B023-9AA7BC41DD69} = {11256E00-B7DF-4D94-868B-75D1B327D6A0}
		{49D917C2-4368-43F8-BB53-965BF9033A4A} = {11256E00-B7DF-4D94-868B-75D1B327D6A0}
		{1AF2D425-C4D5-43EA-9BE2-94233DFA29F6} = {11256E00-B7DF-4D94-868B-75D1B327D6A0}
		{2404CF20-B2BE-44F4-844A-1EA55AE9A416} = {11256E00-B7DF-4D94-868B-75D1B327D6A0}
		{8ECD9841-DB93-433C-A67D-F6A4BB5C2AE7} = {11256E00-B7DF-4D94-868B-75D1B327D6A0}
		{878BF9A3-9A61-4CCD-8FA1-BEF065E67250} = {11256E00-B7DF-4D94-868B-75D1B327D6A0}
		{ADD63C5A-CBBA-4433-A098-8912DDC29F17} = {11256E00-B7DF-4D94-868B-75D1B327D6A0}
		{85DAD497-B1B8-4604-A978-BDE8972DDE2C} = {11256E00-B7DF-4D94-868B-75D1B327D6A0}
		{11A95755-1691-4F5D-B088-D785ACAC82BF} = {11256E00-B7DF-4D94-868B-75D1B327D6A0}
		{D9CDAA31-CD00-42D7-B8A3-BD38FE1B7C6F} = {11256E00-B7DF-4D94-868B-75D1B327D6A0}
		{DDA864C3-7231-4B19-97C0-D566CD0240EF} = {E13CB618-B06E-41AC-8898-EA85EF7AF93A}
		{4BFC9155-252D-48A5-AA5D-951C5E8483BE} = {11256E00-B7DF-4D94-868B-75D1B327D6A0}
		{5E36ED15-D4D3-4AEC-9A6C-87A55D73D719} = {11256E00-B7DF-4D94-868B-75D1B327D6A0}
		{16902586-16F1-45D1-A5F8-20D43FD53FE0} = {11256E00-B7DF-4D94-868B-75D1B327D6A0}
		{64493423-4A76-4B05-97A6-BDDCAB023768} = {11256E00-B7DF-4D94-868B-75D1B327D6A0}
		{AF50C4FD-126A-4812-8891-671BFFE4976D} = {11256E00-B7DF-4D94-868B-75D1B327D6A0}
		{BF8EC814-E2FD-416D-B192-26D8CF5AB403} = {11256E00-B7DF-4D94-868B-75D1B327D6A0}
		{CB7C0C56-E0E0-467E-9B8C-8E832A8EE6E2} = {11256E00-B7DF-4D94-868B-75D1B327D6A0}
		{9B942D45-EE66-4988-AC12-5C135BF64FB2} = {FD24F3B5-0805-44E5-A510-F3748702C2D8}
		{82D8020F-9DEF-452A-90DA-09882D694F77} = {E13CB618-B06E-41AC-8898-EA85EF7AF93A}
		{7E6AD939-6A48-4C13-B405-F9D4CE7F3594} = {11256E00-B7DF-4D94-868B-75D1B327D6A0}
		{85699E30-707B-4B93-B532-B15A17C459F1} = {E13CB618-B06E-41AC-8898-EA85EF7AF93A}
		{D402EFD5-5F14-4AF5-87DB-A04DE45BBA28} = {E13CB618-B06E-41AC-8898-EA85EF7AF93A}
		{CE48E6BB-64CD-4C26-9F08-6BFB8A699709} = {E13CB618-B06E-41AC-8898-EA85EF7AF93A}
		{76E44766-F1E8-4972-9A10-2A051E2E9382} = {E13CB618-B06E-41AC-8898-EA85EF7AF93A}
		{EEC9EBCE-DF65-4C21-A1EE-0DBBB424B926} = {4E51FF2C-12B5-4B43-B958-D146A9F7EF4E}
		{3CAB0A4C-67E5-4B33-81D1-74DE8A74523D} = {E5FA789E-196F-4734-91F4-0A3F37D40917}
		{B5587D6E-FE15-479C-A560-3EC67B6AC329} = {E13CB618-B06E-41AC-8898-EA85EF7AF93A}
	EndGlobalSection
	GlobalSection(ExtensibilityGlobals) = postSolution
		SolutionGuid = {B4539FBF-9060-4722-8A95-C18CD85382C1}
	EndGlobalSection
EndGlobal
